// !$*UTF8*$!
{
	archiveVersion = 1;
	classes = {
	};
	objectVersion = 56;
	objects = {

/* Begin PBXBuildFile section */
		72123EEA2BCE0C4600FC873E /* main.cpp in Sources */ = {isa = PBXBuildFile; fileRef = 72123EE92BCE0C4600FC873E /* main.cpp */; };
		721240662BCE1BAA00FC873E /* libopencv_shape.4.9.0.dylib in Frameworks */ = {isa = PBXBuildFile; fileRef = 7212402F2BCE1BA900FC873E /* libopencv_shape.4.9.0.dylib */; };
		721240672BCE1BAA00FC873E /* libopencv_videoio.4.9.0.dylib in Frameworks */ = {isa = PBXBuildFile; fileRef = 721240302BCE1BA900FC873E /* libopencv_videoio.4.9.0.dylib */; };
		721240682BCE1BAA00FC873E /* libopencv_text.4.9.0.dylib in Frameworks */ = {isa = PBXBuildFile; fileRef = 721240312BCE1BA900FC873E /* libopencv_text.4.9.0.dylib */; };
		721240692BCE1BAA00FC873E /* libopencv_reg.4.9.0.dylib in Frameworks */ = {isa = PBXBuildFile; fileRef = 721240322BCE1BA900FC873E /* libopencv_reg.4.9.0.dylib */; };
		7212406A2BCE1BAA00FC873E /* libopencv_core.4.9.0.dylib in Frameworks */ = {isa = PBXBuildFile; fileRef = 721240332BCE1BA900FC873E /* libopencv_core.4.9.0.dylib */; };
		7212406B2BCE1BAA00FC873E /* libopencv_dnn.4.9.0.dylib in Frameworks */ = {isa = PBXBuildFile; fileRef = 721240342BCE1BA900FC873E /* libopencv_dnn.4.9.0.dylib */; };
		7212406C2BCE1BAA00FC873E /* libopencv_dpm.4.9.0.dylib in Frameworks */ = {isa = PBXBuildFile; fileRef = 721240352BCE1BA900FC873E /* libopencv_dpm.4.9.0.dylib */; };
		7212406D2BCE1BAA00FC873E /* libopencv_viz.4.9.0.dylib in Frameworks */ = {isa = PBXBuildFile; fileRef = 721240362BCE1BA900FC873E /* libopencv_viz.4.9.0.dylib */; };
		7212406E2BCE1BAA00FC873E /* libopencv_gapi.4.9.0.dylib in Frameworks */ = {isa = PBXBuildFile; fileRef = 721240372BCE1BA900FC873E /* libopencv_gapi.4.9.0.dylib */; };
		7212406F2BCE1BAA00FC873E /* libopencv_xfeatures2d.4.9.0.dylib in Frameworks */ = {isa = PBXBuildFile; fileRef = 721240382BCE1BA900FC873E /* libopencv_xfeatures2d.4.9.0.dylib */; };
		721240702BCE1BAA00FC873E /* libopencv_saliency.4.9.0.dylib in Frameworks */ = {isa = PBXBuildFile; fileRef = 721240392BCE1BA900FC873E /* libopencv_saliency.4.9.0.dylib */; };
		721240712BCE1BAA00FC873E /* libopencv_hfs.4.9.0.dylib in Frameworks */ = {isa = PBXBuildFile; fileRef = 7212403A2BCE1BA900FC873E /* libopencv_hfs.4.9.0.dylib */; };
		721240722BCE1BAA00FC873E /* libopencv_optflow.4.9.0.dylib in Frameworks */ = {isa = PBXBuildFile; fileRef = 7212403B2BCE1BA900FC873E /* libopencv_optflow.4.9.0.dylib */; };
		721240732BCE1BAA00FC873E /* libopencv_imgproc.4.9.0.dylib in Frameworks */ = {isa = PBXBuildFile; fileRef = 7212403C2BCE1BA900FC873E /* libopencv_imgproc.4.9.0.dylib */; };
		721240742BCE1BAA00FC873E /* libopencv_img_hash.4.9.0.dylib in Frameworks */ = {isa = PBXBuildFile; fileRef = 7212403D2BCE1BA900FC873E /* libopencv_img_hash.4.9.0.dylib */; };
		721240752BCE1BAA00FC873E /* libopencv_surface_matching.4.9.0.dylib in Frameworks */ = {isa = PBXBuildFile; fileRef = 7212403E2BCE1BA900FC873E /* libopencv_surface_matching.4.9.0.dylib */; };
		721240762BCE1BAA00FC873E /* libopencv_alphamat.4.9.0.dylib in Frameworks */ = {isa = PBXBuildFile; fileRef = 7212403F2BCE1BA900FC873E /* libopencv_alphamat.4.9.0.dylib */; };
		721240772BCE1BAA00FC873E /* libopencv_dnn_superres.4.9.0.dylib in Frameworks */ = {isa = PBXBuildFile; fileRef = 721240402BCE1BA900FC873E /* libopencv_dnn_superres.4.9.0.dylib */; };
		721240782BCE1BAA00FC873E /* libopencv_video.4.9.0.dylib in Frameworks */ = {isa = PBXBuildFile; fileRef = 721240412BCE1BA900FC873E /* libopencv_video.4.9.0.dylib */; };
		721240792BCE1BAA00FC873E /* libopencv_dnn_objdetect.4.9.0.dylib in Frameworks */ = {isa = PBXBuildFile; fileRef = 721240422BCE1BA900FC873E /* libopencv_dnn_objdetect.4.9.0.dylib */; };
		7212407A2BCE1BAA00FC873E /* libopencv_photo.4.9.0.dylib in Frameworks */ = {isa = PBXBuildFile; fileRef = 721240432BCE1BA900FC873E /* libopencv_photo.4.9.0.dylib */; };
		7212407B2BCE1BAA00FC873E /* libopencv_aruco.4.9.0.dylib in Frameworks */ = {isa = PBXBuildFile; fileRef = 721240442BCE1BA900FC873E /* libopencv_aruco.4.9.0.dylib */; };
		7212407C2BCE1BAA00FC873E /* libopencv_calib3d.4.9.0.dylib in Frameworks */ = {isa = PBXBuildFile; fileRef = 721240452BCE1BA900FC873E /* libopencv_calib3d.4.9.0.dylib */; };
		7212407D2BCE1BAA00FC873E /* libopencv_sfm.4.9.0.dylib in Frameworks */ = {isa = PBXBuildFile; fileRef = 721240462BCE1BA900FC873E /* libopencv_sfm.4.9.0.dylib */; };
		7212407E2BCE1BAA00FC873E /* libopencv_stitching.4.9.0.dylib in Frameworks */ = {isa = PBXBuildFile; fileRef = 721240472BCE1BA900FC873E /* libopencv_stitching.4.9.0.dylib */; };
		7212407F2BCE1BAA00FC873E /* libopencv_structured_light.4.9.0.dylib in Frameworks */ = {isa = PBXBuildFile; fileRef = 721240482BCE1BA900FC873E /* libopencv_structured_light.4.9.0.dylib */; };
		721240802BCE1BAA00FC873E /* libopencv_intensity_transform.4.9.0.dylib in Frameworks */ = {isa = PBXBuildFile; fileRef = 721240492BCE1BA900FC873E /* libopencv_intensity_transform.4.9.0.dylib */; };
		721240812BCE1BAA00FC873E /* libopencv_bioinspired.4.9.0.dylib in Frameworks */ = {isa = PBXBuildFile; fileRef = 7212404A2BCE1BA900FC873E /* libopencv_bioinspired.4.9.0.dylib */; };
		721240822BCE1BAA00FC873E /* libopencv_flann.4.9.0.dylib in Frameworks */ = {isa = PBXBuildFile; fileRef = 7212404B2BCE1BA900FC873E /* libopencv_flann.4.9.0.dylib */; };
		721240832BCE1BAA00FC873E /* libopencv_features2d.4.9.0.dylib in Frameworks */ = {isa = PBXBuildFile; fileRef = 7212404C2BCE1BA900FC873E /* libopencv_features2d.4.9.0.dylib */; };
		721240842BCE1BAA00FC873E /* libopencv_datasets.4.9.0.dylib in Frameworks */ = {isa = PBXBuildFile; fileRef = 7212404D2BCE1BA900FC873E /* libopencv_datasets.4.9.0.dylib */; };
		721240852BCE1BAA00FC873E /* libopencv_xphoto.4.9.0.dylib in Frameworks */ = {isa = PBXBuildFile; fileRef = 7212404E2BCE1BAA00FC873E /* libopencv_xphoto.4.9.0.dylib */; };
		721240862BCE1BAA00FC873E /* libopencv_ximgproc.4.9.0.dylib in Frameworks */ = {isa = PBXBuildFile; fileRef = 7212404F2BCE1BAA00FC873E /* libopencv_ximgproc.4.9.0.dylib */; };
		721240872BCE1BAA00FC873E /* libopencv_rgbd.4.9.0.dylib in Frameworks */ = {isa = PBXBuildFile; fileRef = 721240502BCE1BAA00FC873E /* libopencv_rgbd.4.9.0.dylib */; };
		721240882BCE1BAA00FC873E /* libopencv_mcc.4.9.0.dylib in Frameworks */ = {isa = PBXBuildFile; fileRef = 721240512BCE1BAA00FC873E /* libopencv_mcc.4.9.0.dylib */; };
		721240892BCE1BAA00FC873E /* libopencv_rapid.4.9.0.dylib in Frameworks */ = {isa = PBXBuildFile; fileRef = 721240522BCE1BAA00FC873E /* libopencv_rapid.4.9.0.dylib */; };
		7212408A2BCE1BAA00FC873E /* libopencv_face.4.9.0.dylib in Frameworks */ = {isa = PBXBuildFile; fileRef = 721240532BCE1BAA00FC873E /* libopencv_face.4.9.0.dylib */; };
		7212408B2BCE1BAA00FC873E /* libopencv_phase_unwrapping.4.9.0.dylib in Frameworks */ = {isa = PBXBuildFile; fileRef = 721240542BCE1BAA00FC873E /* libopencv_phase_unwrapping.4.9.0.dylib */; };
		7212408C2BCE1BAA00FC873E /* libopencv_quality.4.9.0.dylib in Frameworks */ = {isa = PBXBuildFile; fileRef = 721240552BCE1BAA00FC873E /* libopencv_quality.4.9.0.dylib */; };
		7212408D2BCE1BAA00FC873E /* libopencv_plot.4.9.0.dylib in Frameworks */ = {isa = PBXBuildFile; fileRef = 721240562BCE1BAA00FC873E /* libopencv_plot.4.9.0.dylib */; };
		7212408E2BCE1BAA00FC873E /* libopencv_ml.4.9.0.dylib in Frameworks */ = {isa = PBXBuildFile; fileRef = 721240572BCE1BAA00FC873E /* libopencv_ml.4.9.0.dylib */; };
		7212408F2BCE1BAA00FC873E /* libopencv_tracking.4.9.0.dylib in Frameworks */ = {isa = PBXBuildFile; fileRef = 721240582BCE1BAA00FC873E /* libopencv_tracking.4.9.0.dylib */; };
		721240902BCE1BAA00FC873E /* libopencv_wechat_qrcode.4.9.0.dylib in Frameworks */ = {isa = PBXBuildFile; fileRef = 721240592BCE1BAA00FC873E /* libopencv_wechat_qrcode.4.9.0.dylib */; };
		721240912BCE1BAA00FC873E /* libopencv_bgsegm.4.9.0.dylib in Frameworks */ = {isa = PBXBuildFile; fileRef = 7212405A2BCE1BAA00FC873E /* libopencv_bgsegm.4.9.0.dylib */; };
		721240922BCE1BAA00FC873E /* libopencv_xobjdetect.4.9.0.dylib in Frameworks */ = {isa = PBXBuildFile; fileRef = 7212405B2BCE1BAA00FC873E /* libopencv_xobjdetect.4.9.0.dylib */; };
		721240932BCE1BAA00FC873E /* libopencv_stereo.4.9.0.dylib in Frameworks */ = {isa = PBXBuildFile; fileRef = 7212405C2BCE1BAA00FC873E /* libopencv_stereo.4.9.0.dylib */; };
		721240942BCE1BAA00FC873E /* libopencv_imgcodecs.4.9.0.dylib in Frameworks */ = {isa = PBXBuildFile; fileRef = 7212405D2BCE1BAA00FC873E /* libopencv_imgcodecs.4.9.0.dylib */; };
		721240952BCE1BAA00FC873E /* libopencv_highgui.4.9.0.dylib in Frameworks */ = {isa = PBXBuildFile; fileRef = 7212405E2BCE1BAA00FC873E /* libopencv_highgui.4.9.0.dylib */; };
		721240962BCE1BAA00FC873E /* libopencv_videostab.4.9.0.dylib in Frameworks */ = {isa = PBXBuildFile; fileRef = 7212405F2BCE1BAA00FC873E /* libopencv_videostab.4.9.0.dylib */; };
		721240972BCE1BAA00FC873E /* libopencv_fuzzy.4.9.0.dylib in Frameworks */ = {isa = PBXBuildFile; fileRef = 721240602BCE1BAA00FC873E /* libopencv_fuzzy.4.9.0.dylib */; };
		721240982BCE1BAA00FC873E /* libopencv_line_descriptor.4.9.0.dylib in Frameworks */ = {isa = PBXBuildFile; fileRef = 721240612BCE1BAA00FC873E /* libopencv_line_descriptor.4.9.0.dylib */; };
		721240992BCE1BAA00FC873E /* libopencv_freetype.4.9.0.dylib in Frameworks */ = {isa = PBXBuildFile; fileRef = 721240622BCE1BAA00FC873E /* libopencv_freetype.4.9.0.dylib */; };
		7212409A2BCE1BAA00FC873E /* libopencv_objdetect.4.9.0.dylib in Frameworks */ = {isa = PBXBuildFile; fileRef = 721240632BCE1BAA00FC873E /* libopencv_objdetect.4.9.0.dylib */; };
		7212409B2BCE1BAA00FC873E /* libopencv_ccalib.4.9.0.dylib in Frameworks */ = {isa = PBXBuildFile; fileRef = 721240642BCE1BAA00FC873E /* libopencv_ccalib.4.9.0.dylib */; };
		7212409C2BCE1BAA00FC873E /* libopencv_superres.4.9.0.dylib in Frameworks */ = {isa = PBXBuildFile; fileRef = 721240652BCE1BAA00FC873E /* libopencv_superres.4.9.0.dylib */; };
		7212409F2BCE1D5000FC873E /* lib.cpp in Sources */ = {isa = PBXBuildFile; fileRef = 7212409E2BCE1D5000FC873E /* lib.cpp */; };
/* End PBXBuildFile section */

/* Begin PBXCopyFilesBuildPhase section */
		72123EE42BCE0C4600FC873E /* CopyFiles */ = {
			isa = PBXCopyFilesBuildPhase;
			buildActionMask = 2147483647;
			dstPath = /usr/share/man/man1/;
			dstSubfolderSpec = 0;
			files = (
			);
			runOnlyForDeploymentPostprocessing = 1;
		};
/* End PBXCopyFilesBuildPhase section */

/* Begin PBXFileReference section */
		72123EE62BCE0C4600FC873E /* pi */ = {isa = PBXFileReference; explicitFileType = "compiled.mach-o.executable"; includeInIndex = 0; path = pi; sourceTree = BUILT_PRODUCTS_DIR; };
		72123EE92BCE0C4600FC873E /* main.cpp */ = {isa = PBXFileReference; lastKnownFileType = sourcecode.cpp.cpp; path = main.cpp; sourceTree = "<group>"; };
		7212402F2BCE1BA900FC873E /* libopencv_shape.4.9.0.dylib */ = {isa = PBXFileReference; lastKnownFileType = "compiled.mach-o.dylib"; name = libopencv_shape.4.9.0.dylib; path = ../../../../../opt/homebrew/Cellar/opencv/4.9.0_7/lib/libopencv_shape.4.9.0.dylib; sourceTree = "<group>"; };
		721240302BCE1BA900FC873E /* libopencv_videoio.4.9.0.dylib */ = {isa = PBXFileReference; lastKnownFileType = "compiled.mach-o.dylib"; name = libopencv_videoio.4.9.0.dylib; path = ../../../../../opt/homebrew/Cellar/opencv/4.9.0_7/lib/libopencv_videoio.4.9.0.dylib; sourceTree = "<group>"; };
		721240312BCE1BA900FC873E /* libopencv_text.4.9.0.dylib */ = {isa = PBXFileReference; lastKnownFileType = "compiled.mach-o.dylib"; name = libopencv_text.4.9.0.dylib; path = ../../../../../opt/homebrew/Cellar/opencv/4.9.0_7/lib/libopencv_text.4.9.0.dylib; sourceTree = "<group>"; };
		721240322BCE1BA900FC873E /* libopencv_reg.4.9.0.dylib */ = {isa = PBXFileReference; lastKnownFileType = "compiled.mach-o.dylib"; name = libopencv_reg.4.9.0.dylib; path = ../../../../../opt/homebrew/Cellar/opencv/4.9.0_7/lib/libopencv_reg.4.9.0.dylib; sourceTree = "<group>"; };
		721240332BCE1BA900FC873E /* libopencv_core.4.9.0.dylib */ = {isa = PBXFileReference; lastKnownFileType = "compiled.mach-o.dylib"; name = libopencv_core.4.9.0.dylib; path = ../../../../../opt/homebrew/Cellar/opencv/4.9.0_7/lib/libopencv_core.4.9.0.dylib; sourceTree = "<group>"; };
		721240342BCE1BA900FC873E /* libopencv_dnn.4.9.0.dylib */ = {isa = PBXFileReference; lastKnownFileType = "compiled.mach-o.dylib"; name = libopencv_dnn.4.9.0.dylib; path = ../../../../../opt/homebrew/Cellar/opencv/4.9.0_7/lib/libopencv_dnn.4.9.0.dylib; sourceTree = "<group>"; };
		721240352BCE1BA900FC873E /* libopencv_dpm.4.9.0.dylib */ = {isa = PBXFileReference; lastKnownFileType = "compiled.mach-o.dylib"; name = libopencv_dpm.4.9.0.dylib; path = ../../../../../opt/homebrew/Cellar/opencv/4.9.0_7/lib/libopencv_dpm.4.9.0.dylib; sourceTree = "<group>"; };
		721240362BCE1BA900FC873E /* libopencv_viz.4.9.0.dylib */ = {isa = PBXFileReference; lastKnownFileType = "compiled.mach-o.dylib"; name = libopencv_viz.4.9.0.dylib; path = ../../../../../opt/homebrew/Cellar/opencv/4.9.0_7/lib/libopencv_viz.4.9.0.dylib; sourceTree = "<group>"; };
		721240372BCE1BA900FC873E /* libopencv_gapi.4.9.0.dylib */ = {isa = PBXFileReference; lastKnownFileType = "compiled.mach-o.dylib"; name = libopencv_gapi.4.9.0.dylib; path = ../../../../../opt/homebrew/Cellar/opencv/4.9.0_7/lib/libopencv_gapi.4.9.0.dylib; sourceTree = "<group>"; };
		721240382BCE1BA900FC873E /* libopencv_xfeatures2d.4.9.0.dylib */ = {isa = PBXFileReference; lastKnownFileType = "compiled.mach-o.dylib"; name = libopencv_xfeatures2d.4.9.0.dylib; path = ../../../../../opt/homebrew/Cellar/opencv/4.9.0_7/lib/libopencv_xfeatures2d.4.9.0.dylib; sourceTree = "<group>"; };
		721240392BCE1BA900FC873E /* libopencv_saliency.4.9.0.dylib */ = {isa = PBXFileReference; lastKnownFileType = "compiled.mach-o.dylib"; name = libopencv_saliency.4.9.0.dylib; path = ../../../../../opt/homebrew/Cellar/opencv/4.9.0_7/lib/libopencv_saliency.4.9.0.dylib; sourceTree = "<group>"; };
		7212403A2BCE1BA900FC873E /* libopencv_hfs.4.9.0.dylib */ = {isa = PBXFileReference; lastKnownFileType = "compiled.mach-o.dylib"; name = libopencv_hfs.4.9.0.dylib; path = ../../../../../opt/homebrew/Cellar/opencv/4.9.0_7/lib/libopencv_hfs.4.9.0.dylib; sourceTree = "<group>"; };
		7212403B2BCE1BA900FC873E /* libopencv_optflow.4.9.0.dylib */ = {isa = PBXFileReference; lastKnownFileType = "compiled.mach-o.dylib"; name = libopencv_optflow.4.9.0.dylib; path = ../../../../../opt/homebrew/Cellar/opencv/4.9.0_7/lib/libopencv_optflow.4.9.0.dylib; sourceTree = "<group>"; };
		7212403C2BCE1BA900FC873E /* libopencv_imgproc.4.9.0.dylib */ = {isa = PBXFileReference; lastKnownFileType = "compiled.mach-o.dylib"; name = libopencv_imgproc.4.9.0.dylib; path = ../../../../../opt/homebrew/Cellar/opencv/4.9.0_7/lib/libopencv_imgproc.4.9.0.dylib; sourceTree = "<group>"; };
		7212403D2BCE1BA900FC873E /* libopencv_img_hash.4.9.0.dylib */ = {isa = PBXFileReference; lastKnownFileType = "compiled.mach-o.dylib"; name = libopencv_img_hash.4.9.0.dylib; path = ../../../../../opt/homebrew/Cellar/opencv/4.9.0_7/lib/libopencv_img_hash.4.9.0.dylib; sourceTree = "<group>"; };
		7212403E2BCE1BA900FC873E /* libopencv_surface_matching.4.9.0.dylib */ = {isa = PBXFileReference; lastKnownFileType = "compiled.mach-o.dylib"; name = libopencv_surface_matching.4.9.0.dylib; path = ../../../../../opt/homebrew/Cellar/opencv/4.9.0_7/lib/libopencv_surface_matching.4.9.0.dylib; sourceTree = "<group>"; };
		7212403F2BCE1BA900FC873E /* libopencv_alphamat.4.9.0.dylib */ = {isa = PBXFileReference; lastKnownFileType = "compiled.mach-o.dylib"; name = libopencv_alphamat.4.9.0.dylib; path = ../../../../../opt/homebrew/Cellar/opencv/4.9.0_7/lib/libopencv_alphamat.4.9.0.dylib; sourceTree = "<group>"; };
		721240402BCE1BA900FC873E /* libopencv_dnn_superres.4.9.0.dylib */ = {isa = PBXFileReference; lastKnownFileType = "compiled.mach-o.dylib"; name = libopencv_dnn_superres.4.9.0.dylib; path = ../../../../../opt/homebrew/Cellar/opencv/4.9.0_7/lib/libopencv_dnn_superres.4.9.0.dylib; sourceTree = "<group>"; };
		721240412BCE1BA900FC873E /* libopencv_video.4.9.0.dylib */ = {isa = PBXFileReference; lastKnownFileType = "compiled.mach-o.dylib"; name = libopencv_video.4.9.0.dylib; path = ../../../../../opt/homebrew/Cellar/opencv/4.9.0_7/lib/libopencv_video.4.9.0.dylib; sourceTree = "<group>"; };
		721240422BCE1BA900FC873E /* libopencv_dnn_objdetect.4.9.0.dylib */ = {isa = PBXFileReference; lastKnownFileType = "compiled.mach-o.dylib"; name = libopencv_dnn_objdetect.4.9.0.dylib; path = ../../../../../opt/homebrew/Cellar/opencv/4.9.0_7/lib/libopencv_dnn_objdetect.4.9.0.dylib; sourceTree = "<group>"; };
		721240432BCE1BA900FC873E /* libopencv_photo.4.9.0.dylib */ = {isa = PBXFileReference; lastKnownFileType = "compiled.mach-o.dylib"; name = libopencv_photo.4.9.0.dylib; path = ../../../../../opt/homebrew/Cellar/opencv/4.9.0_7/lib/libopencv_photo.4.9.0.dylib; sourceTree = "<group>"; };
		721240442BCE1BA900FC873E /* libopencv_aruco.4.9.0.dylib */ = {isa = PBXFileReference; lastKnownFileType = "compiled.mach-o.dylib"; name = libopencv_aruco.4.9.0.dylib; path = ../../../../../opt/homebrew/Cellar/opencv/4.9.0_7/lib/libopencv_aruco.4.9.0.dylib; sourceTree = "<group>"; };
		721240452BCE1BA900FC873E /* libopencv_calib3d.4.9.0.dylib */ = {isa = PBXFileReference; lastKnownFileType = "compiled.mach-o.dylib"; name = libopencv_calib3d.4.9.0.dylib; path = ../../../../../opt/homebrew/Cellar/opencv/4.9.0_7/lib/libopencv_calib3d.4.9.0.dylib; sourceTree = "<group>"; };
		721240462BCE1BA900FC873E /* libopencv_sfm.4.9.0.dylib */ = {isa = PBXFileReference; lastKnownFileType = "compiled.mach-o.dylib"; name = libopencv_sfm.4.9.0.dylib; path = ../../../../../opt/homebrew/Cellar/opencv/4.9.0_7/lib/libopencv_sfm.4.9.0.dylib; sourceTree = "<group>"; };
		721240472BCE1BA900FC873E /* libopencv_stitching.4.9.0.dylib */ = {isa = PBXFileReference; lastKnownFileType = "compiled.mach-o.dylib"; name = libopencv_stitching.4.9.0.dylib; path = ../../../../../opt/homebrew/Cellar/opencv/4.9.0_7/lib/libopencv_stitching.4.9.0.dylib; sourceTree = "<group>"; };
		721240482BCE1BA900FC873E /* libopencv_structured_light.4.9.0.dylib */ = {isa = PBXFileReference; lastKnownFileType = "compiled.mach-o.dylib"; name = libopencv_structured_light.4.9.0.dylib; path = ../../../../../opt/homebrew/Cellar/opencv/4.9.0_7/lib/libopencv_structured_light.4.9.0.dylib; sourceTree = "<group>"; };
		721240492BCE1BA900FC873E /* libopencv_intensity_transform.4.9.0.dylib */ = {isa = PBXFileReference; lastKnownFileType = "compiled.mach-o.dylib"; name = libopencv_intensity_transform.4.9.0.dylib; path = ../../../../../opt/homebrew/Cellar/opencv/4.9.0_7/lib/libopencv_intensity_transform.4.9.0.dylib; sourceTree = "<group>"; };
		7212404A2BCE1BA900FC873E /* libopencv_bioinspired.4.9.0.dylib */ = {isa = PBXFileReference; lastKnownFileType = "compiled.mach-o.dylib"; name = libopencv_bioinspired.4.9.0.dylib; path = ../../../../../opt/homebrew/Cellar/opencv/4.9.0_7/lib/libopencv_bioinspired.4.9.0.dylib; sourceTree = "<group>"; };
		7212404B2BCE1BA900FC873E /* libopencv_flann.4.9.0.dylib */ = {isa = PBXFileReference; lastKnownFileType = "compiled.mach-o.dylib"; name = libopencv_flann.4.9.0.dylib; path = ../../../../../opt/homebrew/Cellar/opencv/4.9.0_7/lib/libopencv_flann.4.9.0.dylib; sourceTree = "<group>"; };
		7212404C2BCE1BA900FC873E /* libopencv_features2d.4.9.0.dylib */ = {isa = PBXFileReference; lastKnownFileType = "compiled.mach-o.dylib"; name = libopencv_features2d.4.9.0.dylib; path = ../../../../../opt/homebrew/Cellar/opencv/4.9.0_7/lib/libopencv_features2d.4.9.0.dylib; sourceTree = "<group>"; };
		7212404D2BCE1BA900FC873E /* libopencv_datasets.4.9.0.dylib */ = {isa = PBXFileReference; lastKnownFileType = "compiled.mach-o.dylib"; name = libopencv_datasets.4.9.0.dylib; path = ../../../../../opt/homebrew/Cellar/opencv/4.9.0_7/lib/libopencv_datasets.4.9.0.dylib; sourceTree = "<group>"; };
		7212404E2BCE1BAA00FC873E /* libopencv_xphoto.4.9.0.dylib */ = {isa = PBXFileReference; lastKnownFileType = "compiled.mach-o.dylib"; name = libopencv_xphoto.4.9.0.dylib; path = ../../../../../opt/homebrew/Cellar/opencv/4.9.0_7/lib/libopencv_xphoto.4.9.0.dylib; sourceTree = "<group>"; };
		7212404F2BCE1BAA00FC873E /* libopencv_ximgproc.4.9.0.dylib */ = {isa = PBXFileReference; lastKnownFileType = "compiled.mach-o.dylib"; name = libopencv_ximgproc.4.9.0.dylib; path = ../../../../../opt/homebrew/Cellar/opencv/4.9.0_7/lib/libopencv_ximgproc.4.9.0.dylib; sourceTree = "<group>"; };
		721240502BCE1BAA00FC873E /* libopencv_rgbd.4.9.0.dylib */ = {isa = PBXFileReference; lastKnownFileType = "compiled.mach-o.dylib"; name = libopencv_rgbd.4.9.0.dylib; path = ../../../../../opt/homebrew/Cellar/opencv/4.9.0_7/lib/libopencv_rgbd.4.9.0.dylib; sourceTree = "<group>"; };
		721240512BCE1BAA00FC873E /* libopencv_mcc.4.9.0.dylib */ = {isa = PBXFileReference; lastKnownFileType = "compiled.mach-o.dylib"; name = libopencv_mcc.4.9.0.dylib; path = ../../../../../opt/homebrew/Cellar/opencv/4.9.0_7/lib/libopencv_mcc.4.9.0.dylib; sourceTree = "<group>"; };
		721240522BCE1BAA00FC873E /* libopencv_rapid.4.9.0.dylib */ = {isa = PBXFileReference; lastKnownFileType = "compiled.mach-o.dylib"; name = libopencv_rapid.4.9.0.dylib; path = ../../../../../opt/homebrew/Cellar/opencv/4.9.0_7/lib/libopencv_rapid.4.9.0.dylib; sourceTree = "<group>"; };
		721240532BCE1BAA00FC873E /* libopencv_face.4.9.0.dylib */ = {isa = PBXFileReference; lastKnownFileType = "compiled.mach-o.dylib"; name = libopencv_face.4.9.0.dylib; path = ../../../../../opt/homebrew/Cellar/opencv/4.9.0_7/lib/libopencv_face.4.9.0.dylib; sourceTree = "<group>"; };
		721240542BCE1BAA00FC873E /* libopencv_phase_unwrapping.4.9.0.dylib */ = {isa = PBXFileReference; lastKnownFileType = "compiled.mach-o.dylib"; name = libopencv_phase_unwrapping.4.9.0.dylib; path = ../../../../../opt/homebrew/Cellar/opencv/4.9.0_7/lib/libopencv_phase_unwrapping.4.9.0.dylib; sourceTree = "<group>"; };
		721240552BCE1BAA00FC873E /* libopencv_quality.4.9.0.dylib */ = {isa = PBXFileReference; lastKnownFileType = "compiled.mach-o.dylib"; name = libopencv_quality.4.9.0.dylib; path = ../../../../../opt/homebrew/Cellar/opencv/4.9.0_7/lib/libopencv_quality.4.9.0.dylib; sourceTree = "<group>"; };
		721240562BCE1BAA00FC873E /* libopencv_plot.4.9.0.dylib */ = {isa = PBXFileReference; lastKnownFileType = "compiled.mach-o.dylib"; name = libopencv_plot.4.9.0.dylib; path = ../../../../../opt/homebrew/Cellar/opencv/4.9.0_7/lib/libopencv_plot.4.9.0.dylib; sourceTree = "<group>"; };
		721240572BCE1BAA00FC873E /* libopencv_ml.4.9.0.dylib */ = {isa = PBXFileReference; lastKnownFileType = "compiled.mach-o.dylib"; name = libopencv_ml.4.9.0.dylib; path = ../../../../../opt/homebrew/Cellar/opencv/4.9.0_7/lib/libopencv_ml.4.9.0.dylib; sourceTree = "<group>"; };
		721240582BCE1BAA00FC873E /* libopencv_tracking.4.9.0.dylib */ = {isa = PBXFileReference; lastKnownFileType = "compiled.mach-o.dylib"; name = libopencv_tracking.4.9.0.dylib; path = ../../../../../opt/homebrew/Cellar/opencv/4.9.0_7/lib/libopencv_tracking.4.9.0.dylib; sourceTree = "<group>"; };
		721240592BCE1BAA00FC873E /* libopencv_wechat_qrcode.4.9.0.dylib */ = {isa = PBXFileReference; lastKnownFileType = "compiled.mach-o.dylib"; name = libopencv_wechat_qrcode.4.9.0.dylib; path = ../../../../../opt/homebrew/Cellar/opencv/4.9.0_7/lib/libopencv_wechat_qrcode.4.9.0.dylib; sourceTree = "<group>"; };
		7212405A2BCE1BAA00FC873E /* libopencv_bgsegm.4.9.0.dylib */ = {isa = PBXFileReference; lastKnownFileType = "compiled.mach-o.dylib"; name = libopencv_bgsegm.4.9.0.dylib; path = ../../../../../opt/homebrew/Cellar/opencv/4.9.0_7/lib/libopencv_bgsegm.4.9.0.dylib; sourceTree = "<group>"; };
		7212405B2BCE1BAA00FC873E /* libopencv_xobjdetect.4.9.0.dylib */ = {isa = PBXFileReference; lastKnownFileType = "compiled.mach-o.dylib"; name = libopencv_xobjdetect.4.9.0.dylib; path = ../../../../../opt/homebrew/Cellar/opencv/4.9.0_7/lib/libopencv_xobjdetect.4.9.0.dylib; sourceTree = "<group>"; };
		7212405C2BCE1BAA00FC873E /* libopencv_stereo.4.9.0.dylib */ = {isa = PBXFileReference; lastKnownFileType = "compiled.mach-o.dylib"; name = libopencv_stereo.4.9.0.dylib; path = ../../../../../opt/homebrew/Cellar/opencv/4.9.0_7/lib/libopencv_stereo.4.9.0.dylib; sourceTree = "<group>"; };
		7212405D2BCE1BAA00FC873E /* libopencv_imgcodecs.4.9.0.dylib */ = {isa = PBXFileReference; lastKnownFileType = "compiled.mach-o.dylib"; name = libopencv_imgcodecs.4.9.0.dylib; path = ../../../../../opt/homebrew/Cellar/opencv/4.9.0_7/lib/libopencv_imgcodecs.4.9.0.dylib; sourceTree = "<group>"; };
		7212405E2BCE1BAA00FC873E /* libopencv_highgui.4.9.0.dylib */ = {isa = PBXFileReference; lastKnownFileType = "compiled.mach-o.dylib"; name = libopencv_highgui.4.9.0.dylib; path = ../../../../../opt/homebrew/Cellar/opencv/4.9.0_7/lib/libopencv_highgui.4.9.0.dylib; sourceTree = "<group>"; };
		7212405F2BCE1BAA00FC873E /* libopencv_videostab.4.9.0.dylib */ = {isa = PBXFileReference; lastKnownFileType = "compiled.mach-o.dylib"; name = libopencv_videostab.4.9.0.dylib; path = ../../../../../opt/homebrew/Cellar/opencv/4.9.0_7/lib/libopencv_videostab.4.9.0.dylib; sourceTree = "<group>"; };
		721240602BCE1BAA00FC873E /* libopencv_fuzzy.4.9.0.dylib */ = {isa = PBXFileReference; lastKnownFileType = "compiled.mach-o.dylib"; name = libopencv_fuzzy.4.9.0.dylib; path = ../../../../../opt/homebrew/Cellar/opencv/4.9.0_7/lib/libopencv_fuzzy.4.9.0.dylib; sourceTree = "<group>"; };
		721240612BCE1BAA00FC873E /* libopencv_line_descriptor.4.9.0.dylib */ = {isa = PBXFileReference; lastKnownFileType = "compiled.mach-o.dylib"; name = libopencv_line_descriptor.4.9.0.dylib; path = ../../../../../opt/homebrew/Cellar/opencv/4.9.0_7/lib/libopencv_line_descriptor.4.9.0.dylib; sourceTree = "<group>"; };
		721240622BCE1BAA00FC873E /* libopencv_freetype.4.9.0.dylib */ = {isa = PBXFileReference; lastKnownFileType = "compiled.mach-o.dylib"; name = libopencv_freetype.4.9.0.dylib; path = ../../../../../opt/homebrew/Cellar/opencv/4.9.0_7/lib/libopencv_freetype.4.9.0.dylib; sourceTree = "<group>"; };
		721240632BCE1BAA00FC873E /* libopencv_objdetect.4.9.0.dylib */ = {isa = PBXFileReference; lastKnownFileType = "compiled.mach-o.dylib"; name = libopencv_objdetect.4.9.0.dylib; path = ../../../../../opt/homebrew/Cellar/opencv/4.9.0_7/lib/libopencv_objdetect.4.9.0.dylib; sourceTree = "<group>"; };
		721240642BCE1BAA00FC873E /* libopencv_ccalib.4.9.0.dylib */ = {isa = PBXFileReference; lastKnownFileType = "compiled.mach-o.dylib"; name = libopencv_ccalib.4.9.0.dylib; path = ../../../../../opt/homebrew/Cellar/opencv/4.9.0_7/lib/libopencv_ccalib.4.9.0.dylib; sourceTree = "<group>"; };
		721240652BCE1BAA00FC873E /* libopencv_superres.4.9.0.dylib */ = {isa = PBXFileReference; lastKnownFileType = "compiled.mach-o.dylib"; name = libopencv_superres.4.9.0.dylib; path = ../../../../../opt/homebrew/Cellar/opencv/4.9.0_7/lib/libopencv_superres.4.9.0.dylib; sourceTree = "<group>"; };
		7212409D2BCE1D3600FC873E /* lib.h */ = {isa = PBXFileReference; lastKnownFileType = sourcecode.c.h; path = lib.h; sourceTree = "<group>"; };
		7212409E2BCE1D5000FC873E /* lib.cpp */ = {isa = PBXFileReference; lastKnownFileType = sourcecode.cpp.cpp; path = lib.cpp; sourceTree = "<group>"; };
/* End PBXFileReference section */

/* Begin PBXFrameworksBuildPhase section */
		72123EE32BCE0C4600FC873E /* Frameworks */ = {
			isa = PBXFrameworksBuildPhase;
			buildActionMask = 2147483647;
			files = (
				721240832BCE1BAA00FC873E /* libopencv_features2d.4.9.0.dylib in Frameworks */,
				7212407E2BCE1BAA00FC873E /* libopencv_stitching.4.9.0.dylib in Frameworks */,
				721240792BCE1BAA00FC873E /* libopencv_dnn_objdetect.4.9.0.dylib in Frameworks */,
				7212407D2BCE1BAA00FC873E /* libopencv_sfm.4.9.0.dylib in Frameworks */,
				721240672BCE1BAA00FC873E /* libopencv_videoio.4.9.0.dylib in Frameworks */,
				7212408B2BCE1BAA00FC873E /* libopencv_phase_unwrapping.4.9.0.dylib in Frameworks */,
				7212409C2BCE1BAA00FC873E /* libopencv_superres.4.9.0.dylib in Frameworks */,
				721240742BCE1BAA00FC873E /* libopencv_img_hash.4.9.0.dylib in Frameworks */,
				7212406C2BCE1BAA00FC873E /* libopencv_dpm.4.9.0.dylib in Frameworks */,
				721240752BCE1BAA00FC873E /* libopencv_surface_matching.4.9.0.dylib in Frameworks */,
				721240852BCE1BAA00FC873E /* libopencv_xphoto.4.9.0.dylib in Frameworks */,
				721240942BCE1BAA00FC873E /* libopencv_imgcodecs.4.9.0.dylib in Frameworks */,
				721240982BCE1BAA00FC873E /* libopencv_line_descriptor.4.9.0.dylib in Frameworks */,
				7212406E2BCE1BAA00FC873E /* libopencv_gapi.4.9.0.dylib in Frameworks */,
				721240952BCE1BAA00FC873E /* libopencv_highgui.4.9.0.dylib in Frameworks */,
				721240842BCE1BAA00FC873E /* libopencv_datasets.4.9.0.dylib in Frameworks */,
				721240702BCE1BAA00FC873E /* libopencv_saliency.4.9.0.dylib in Frameworks */,
				7212409B2BCE1BAA00FC873E /* libopencv_ccalib.4.9.0.dylib in Frameworks */,
				721240882BCE1BAA00FC873E /* libopencv_mcc.4.9.0.dylib in Frameworks */,
				721240892BCE1BAA00FC873E /* libopencv_rapid.4.9.0.dylib in Frameworks */,
				7212407B2BCE1BAA00FC873E /* libopencv_aruco.4.9.0.dylib in Frameworks */,
				721240822BCE1BAA00FC873E /* libopencv_flann.4.9.0.dylib in Frameworks */,
				721240712BCE1BAA00FC873E /* libopencv_hfs.4.9.0.dylib in Frameworks */,
				721240862BCE1BAA00FC873E /* libopencv_ximgproc.4.9.0.dylib in Frameworks */,
				7212408D2BCE1BAA00FC873E /* libopencv_plot.4.9.0.dylib in Frameworks */,
				721240782BCE1BAA00FC873E /* libopencv_video.4.9.0.dylib in Frameworks */,
				721240692BCE1BAA00FC873E /* libopencv_reg.4.9.0.dylib in Frameworks */,
				721240662BCE1BAA00FC873E /* libopencv_shape.4.9.0.dylib in Frameworks */,
				721240962BCE1BAA00FC873E /* libopencv_videostab.4.9.0.dylib in Frameworks */,
				721240802BCE1BAA00FC873E /* libopencv_intensity_transform.4.9.0.dylib in Frameworks */,
				721240722BCE1BAA00FC873E /* libopencv_optflow.4.9.0.dylib in Frameworks */,
				7212407C2BCE1BAA00FC873E /* libopencv_calib3d.4.9.0.dylib in Frameworks */,
				7212406D2BCE1BAA00FC873E /* libopencv_viz.4.9.0.dylib in Frameworks */,
				7212407A2BCE1BAA00FC873E /* libopencv_photo.4.9.0.dylib in Frameworks */,
				721240682BCE1BAA00FC873E /* libopencv_text.4.9.0.dylib in Frameworks */,
				7212408C2BCE1BAA00FC873E /* libopencv_quality.4.9.0.dylib in Frameworks */,
				7212406A2BCE1BAA00FC873E /* libopencv_core.4.9.0.dylib in Frameworks */,
				721240912BCE1BAA00FC873E /* libopencv_bgsegm.4.9.0.dylib in Frameworks */,
				721240932BCE1BAA00FC873E /* libopencv_stereo.4.9.0.dylib in Frameworks */,
				721240812BCE1BAA00FC873E /* libopencv_bioinspired.4.9.0.dylib in Frameworks */,
				7212406F2BCE1BAA00FC873E /* libopencv_xfeatures2d.4.9.0.dylib in Frameworks */,
				7212408F2BCE1BAA00FC873E /* libopencv_tracking.4.9.0.dylib in Frameworks */,
				721240922BCE1BAA00FC873E /* libopencv_xobjdetect.4.9.0.dylib in Frameworks */,
				721240772BCE1BAA00FC873E /* libopencv_dnn_superres.4.9.0.dylib in Frameworks */,
				721240872BCE1BAA00FC873E /* libopencv_rgbd.4.9.0.dylib in Frameworks */,
				721240902BCE1BAA00FC873E /* libopencv_wechat_qrcode.4.9.0.dylib in Frameworks */,
				721240992BCE1BAA00FC873E /* libopencv_freetype.4.9.0.dylib in Frameworks */,
				721240972BCE1BAA00FC873E /* libopencv_fuzzy.4.9.0.dylib in Frameworks */,
				7212408A2BCE1BAA00FC873E /* libopencv_face.4.9.0.dylib in Frameworks */,
				721240732BCE1BAA00FC873E /* libopencv_imgproc.4.9.0.dylib in Frameworks */,
				7212409A2BCE1BAA00FC873E /* libopencv_objdetect.4.9.0.dylib in Frameworks */,
				721240762BCE1BAA00FC873E /* libopencv_alphamat.4.9.0.dylib in Frameworks */,
				7212407F2BCE1BAA00FC873E /* libopencv_structured_light.4.9.0.dylib in Frameworks */,
				7212406B2BCE1BAA00FC873E /* libopencv_dnn.4.9.0.dylib in Frameworks */,
				7212408E2BCE1BAA00FC873E /* libopencv_ml.4.9.0.dylib in Frameworks */,
			);
			runOnlyForDeploymentPostprocessing = 0;
		};
/* End PBXFrameworksBuildPhase section */

/* Begin PBXGroup section */
		72123EDD2BCE0C4600FC873E = {
			isa = PBXGroup;
			children = (
				7212403F2BCE1BA900FC873E /* libopencv_alphamat.4.9.0.dylib */,
				721240442BCE1BA900FC873E /* libopencv_aruco.4.9.0.dylib */,
				7212405A2BCE1BAA00FC873E /* libopencv_bgsegm.4.9.0.dylib */,
				7212404A2BCE1BA900FC873E /* libopencv_bioinspired.4.9.0.dylib */,
				721240452BCE1BA900FC873E /* libopencv_calib3d.4.9.0.dylib */,
				721240642BCE1BAA00FC873E /* libopencv_ccalib.4.9.0.dylib */,
				721240332BCE1BA900FC873E /* libopencv_core.4.9.0.dylib */,
				7212404D2BCE1BA900FC873E /* libopencv_datasets.4.9.0.dylib */,
				721240422BCE1BA900FC873E /* libopencv_dnn_objdetect.4.9.0.dylib */,
				721240402BCE1BA900FC873E /* libopencv_dnn_superres.4.9.0.dylib */,
				721240342BCE1BA900FC873E /* libopencv_dnn.4.9.0.dylib */,
				721240352BCE1BA900FC873E /* libopencv_dpm.4.9.0.dylib */,
				721240532BCE1BAA00FC873E /* libopencv_face.4.9.0.dylib */,
				7212404C2BCE1BA900FC873E /* libopencv_features2d.4.9.0.dylib */,
				7212404B2BCE1BA900FC873E /* libopencv_flann.4.9.0.dylib */,
				721240622BCE1BAA00FC873E /* libopencv_freetype.4.9.0.dylib */,
				721240602BCE1BAA00FC873E /* libopencv_fuzzy.4.9.0.dylib */,
				721240372BCE1BA900FC873E /* libopencv_gapi.4.9.0.dylib */,
				7212403A2BCE1BA900FC873E /* libopencv_hfs.4.9.0.dylib */,
				7212405E2BCE1BAA00FC873E /* libopencv_highgui.4.9.0.dylib */,
				7212403D2BCE1BA900FC873E /* libopencv_img_hash.4.9.0.dylib */,
				7212405D2BCE1BAA00FC873E /* libopencv_imgcodecs.4.9.0.dylib */,
				7212403C2BCE1BA900FC873E /* libopencv_imgproc.4.9.0.dylib */,
				721240492BCE1BA900FC873E /* libopencv_intensity_transform.4.9.0.dylib */,
				721240612BCE1BAA00FC873E /* libopencv_line_descriptor.4.9.0.dylib */,
				721240512BCE1BAA00FC873E /* libopencv_mcc.4.9.0.dylib */,
				721240572BCE1BAA00FC873E /* libopencv_ml.4.9.0.dylib */,
				721240632BCE1BAA00FC873E /* libopencv_objdetect.4.9.0.dylib */,
				7212403B2BCE1BA900FC873E /* libopencv_optflow.4.9.0.dylib */,
				721240542BCE1BAA00FC873E /* libopencv_phase_unwrapping.4.9.0.dylib */,
				721240432BCE1BA900FC873E /* libopencv_photo.4.9.0.dylib */,
				721240562BCE1BAA00FC873E /* libopencv_plot.4.9.0.dylib */,
				721240552BCE1BAA00FC873E /* libopencv_quality.4.9.0.dylib */,
				721240522BCE1BAA00FC873E /* libopencv_rapid.4.9.0.dylib */,
				721240322BCE1BA900FC873E /* libopencv_reg.4.9.0.dylib */,
				721240502BCE1BAA00FC873E /* libopencv_rgbd.4.9.0.dylib */,
				721240392BCE1BA900FC873E /* libopencv_saliency.4.9.0.dylib */,
				721240462BCE1BA900FC873E /* libopencv_sfm.4.9.0.dylib */,
				7212402F2BCE1BA900FC873E /* libopencv_shape.4.9.0.dylib */,
				7212405C2BCE1BAA00FC873E /* libopencv_stereo.4.9.0.dylib */,
				721240472BCE1BA900FC873E /* libopencv_stitching.4.9.0.dylib */,
				721240482BCE1BA900FC873E /* libopencv_structured_light.4.9.0.dylib */,
				721240652BCE1BAA00FC873E /* libopencv_superres.4.9.0.dylib */,
				7212403E2BCE1BA900FC873E /* libopencv_surface_matching.4.9.0.dylib */,
				721240312BCE1BA900FC873E /* libopencv_text.4.9.0.dylib */,
				721240582BCE1BAA00FC873E /* libopencv_tracking.4.9.0.dylib */,
				721240412BCE1BA900FC873E /* libopencv_video.4.9.0.dylib */,
				721240302BCE1BA900FC873E /* libopencv_videoio.4.9.0.dylib */,
				7212405F2BCE1BAA00FC873E /* libopencv_videostab.4.9.0.dylib */,
				721240362BCE1BA900FC873E /* libopencv_viz.4.9.0.dylib */,
				721240592BCE1BAA00FC873E /* libopencv_wechat_qrcode.4.9.0.dylib */,
				721240382BCE1BA900FC873E /* libopencv_xfeatures2d.4.9.0.dylib */,
				7212404F2BCE1BAA00FC873E /* libopencv_ximgproc.4.9.0.dylib */,
				7212405B2BCE1BAA00FC873E /* libopencv_xobjdetect.4.9.0.dylib */,
				7212404E2BCE1BAA00FC873E /* libopencv_xphoto.4.9.0.dylib */,
				72123EE82BCE0C4600FC873E /* pi */,
				72123EE72BCE0C4600FC873E /* Products */,
			);
			sourceTree = "<group>";
		};
		72123EE72BCE0C4600FC873E /* Products */ = {
			isa = PBXGroup;
			children = (
				72123EE62BCE0C4600FC873E /* pi */,
			);
			name = Products;
			sourceTree = "<group>";
		};
		72123EE82BCE0C4600FC873E /* pi */ = {
			isa = PBXGroup;
			children = (
				72123F5A2BCE122000FC873E /* data */,
				72123EE92BCE0C4600FC873E /* main.cpp */,
				7212409D2BCE1D3600FC873E /* lib.h */,
				7212409E2BCE1D5000FC873E /* lib.cpp */,
			);
			path = pi;
			sourceTree = "<group>";
		};
		72123F5A2BCE122000FC873E /* data */ = {
			isa = PBXGroup;
			children = (
			);
			path = data;
			sourceTree = "<group>";
		};
/* End PBXGroup section */

/* Begin PBXNativeTarget section */
		72123EE52BCE0C4600FC873E /* pi */ = {
			isa = PBXNativeTarget;
			buildConfigurationList = 72123EED2BCE0C4600FC873E /* Build configuration list for PBXNativeTarget "pi" */;
			buildPhases = (
				72123EE22BCE0C4600FC873E /* Sources */,
				72123EE32BCE0C4600FC873E /* Frameworks */,
				72123EE42BCE0C4600FC873E /* CopyFiles */,
			);
			buildRules = (
			);
			dependencies = (
			);
			name = pi;
			productName = pi;
			productReference = 72123EE62BCE0C4600FC873E /* pi */;
			productType = "com.apple.product-type.tool";
		};
/* End PBXNativeTarget section */

/* Begin PBXProject section */
		72123EDE2BCE0C4600FC873E /* Project object */ = {
			isa = PBXProject;
			attributes = {
				BuildIndependentTargetsInParallel = 1;
				LastUpgradeCheck = 1530;
				TargetAttributes = {
					72123EE52BCE0C4600FC873E = {
						CreatedOnToolsVersion = 15.3;
					};
				};
			};
			buildConfigurationList = 72123EE12BCE0C4600FC873E /* Build configuration list for PBXProject "pi" */;
			compatibilityVersion = "Xcode 14.0";
			developmentRegion = en;
			hasScannedForEncodings = 0;
			knownRegions = (
				en,
				Base,
			);
			mainGroup = 72123EDD2BCE0C4600FC873E;
			productRefGroup = 72123EE72BCE0C4600FC873E /* Products */;
			projectDirPath = "";
			projectRoot = "";
			targets = (
				72123EE52BCE0C4600FC873E /* pi */,
			);
		};
/* End PBXProject section */

/* Begin PBXSourcesBuildPhase section */
		72123EE22BCE0C4600FC873E /* Sources */ = {
			isa = PBXSourcesBuildPhase;
			buildActionMask = 2147483647;
			files = (
				72123EEA2BCE0C4600FC873E /* main.cpp in Sources */,
				7212409F2BCE1D5000FC873E /* lib.cpp in Sources */,
			);
			runOnlyForDeploymentPostprocessing = 0;
		};
/* End PBXSourcesBuildPhase section */

/* Begin XCBuildConfiguration section */
		72123EEB2BCE0C4600FC873E /* Debug */ = {
			isa = XCBuildConfiguration;
			buildSettings = {
				ALWAYS_SEARCH_USER_PATHS = NO;
				ASSETCATALOG_COMPILER_GENERATE_SWIFT_ASSET_SYMBOL_EXTENSIONS = YES;
				CLANG_ANALYZER_NONNULL = YES;
				CLANG_ANALYZER_NUMBER_OBJECT_CONVERSION = YES_AGGRESSIVE;
				CLANG_CXX_LANGUAGE_STANDARD = "gnu++20";
				CLANG_ENABLE_MODULES = YES;
				CLANG_ENABLE_OBJC_ARC = YES;
				CLANG_ENABLE_OBJC_WEAK = YES;
				CLANG_WARN_BLOCK_CAPTURE_AUTORELEASING = YES;
				CLANG_WARN_BOOL_CONVERSION = YES;
				CLANG_WARN_COMMA = YES;
				CLANG_WARN_CONSTANT_CONVERSION = YES;
				CLANG_WARN_DEPRECATED_OBJC_IMPLEMENTATIONS = YES;
				CLANG_WARN_DIRECT_OBJC_ISA_USAGE = YES_ERROR;
				CLANG_WARN_DOCUMENTATION_COMMENTS = YES;
				CLANG_WARN_EMPTY_BODY = YES;
				CLANG_WARN_ENUM_CONVERSION = YES;
				CLANG_WARN_INFINITE_RECURSION = YES;
				CLANG_WARN_INT_CONVERSION = YES;
				CLANG_WARN_NON_LITERAL_NULL_CONVERSION = YES;
				CLANG_WARN_OBJC_IMPLICIT_RETAIN_SELF = YES;
				CLANG_WARN_OBJC_LITERAL_CONVERSION = YES;
				CLANG_WARN_OBJC_ROOT_CLASS = YES_ERROR;
				CLANG_WARN_QUOTED_INCLUDE_IN_FRAMEWORK_HEADER = YES;
				CLANG_WARN_RANGE_LOOP_ANALYSIS = YES;
				CLANG_WARN_STRICT_PROTOTYPES = YES;
				CLANG_WARN_SUSPICIOUS_MOVE = YES;
				CLANG_WARN_UNGUARDED_AVAILABILITY = YES_AGGRESSIVE;
				CLANG_WARN_UNREACHABLE_CODE = YES;
				CLANG_WARN__DUPLICATE_METHOD_MATCH = YES;
				COPY_PHASE_STRIP = NO;
				DEBUG_INFORMATION_FORMAT = dwarf;
				ENABLE_STRICT_OBJC_MSGSEND = YES;
				ENABLE_TESTABILITY = YES;
				ENABLE_USER_SCRIPT_SANDBOXING = YES;
				GCC_C_LANGUAGE_STANDARD = gnu17;
				GCC_DYNAMIC_NO_PIC = NO;
				GCC_NO_COMMON_BLOCKS = YES;
				GCC_OPTIMIZATION_LEVEL = 0;
				GCC_PREPROCESSOR_DEFINITIONS = (
					"DEBUG=1",
					"$(inherited)",
				);
				GCC_WARN_64_TO_32_BIT_CONVERSION = YES;
				GCC_WARN_ABOUT_RETURN_TYPE = YES_ERROR;
				GCC_WARN_UNDECLARED_SELECTOR = YES;
				GCC_WARN_UNINITIALIZED_AUTOS = YES_AGGRESSIVE;
				GCC_WARN_UNUSED_FUNCTION = YES;
				GCC_WARN_UNUSED_VARIABLE = YES;
				HEADER_SEARCH_PATHS = "/opt/homebrew/Cellar/opencv/4.9.0_7/include/opencv4/**";
				LOCALIZATION_PREFERS_STRING_CATALOGS = YES;
				MACOSX_DEPLOYMENT_TARGET = 14.4;
				MTL_ENABLE_DEBUG_INFO = INCLUDE_SOURCE;
				MTL_FAST_MATH = YES;
				ONLY_ACTIVE_ARCH = YES;
				SDKROOT = macosx;
			};
			name = Debug;
		};
		72123EEC2BCE0C4600FC873E /* Release */ = {
			isa = XCBuildConfiguration;
			buildSettings = {
				ALWAYS_SEARCH_USER_PATHS = NO;
				ASSETCATALOG_COMPILER_GENERATE_SWIFT_ASSET_SYMBOL_EXTENSIONS = YES;
				CLANG_ANALYZER_NONNULL = YES;
				CLANG_ANALYZER_NUMBER_OBJECT_CONVERSION = YES_AGGRESSIVE;
				CLANG_CXX_LANGUAGE_STANDARD = "gnu++20";
				CLANG_ENABLE_MODULES = YES;
				CLANG_ENABLE_OBJC_ARC = YES;
				CLANG_ENABLE_OBJC_WEAK = YES;
				CLANG_WARN_BLOCK_CAPTURE_AUTORELEASING = YES;
				CLANG_WARN_BOOL_CONVERSION = YES;
				CLANG_WARN_COMMA = YES;
				CLANG_WARN_CONSTANT_CONVERSION = YES;
				CLANG_WARN_DEPRECATED_OBJC_IMPLEMENTATIONS = YES;
				CLANG_WARN_DIRECT_OBJC_ISA_USAGE = YES_ERROR;
				CLANG_WARN_DOCUMENTATION_COMMENTS = YES;
				CLANG_WARN_EMPTY_BODY = YES;
				CLANG_WARN_ENUM_CONVERSION = YES;
				CLANG_WARN_INFINITE_RECURSION = YES;
				CLANG_WARN_INT_CONVERSION = YES;
				CLANG_WARN_NON_LITERAL_NULL_CONVERSION = YES;
				CLANG_WARN_OBJC_IMPLICIT_RETAIN_SELF = YES;
				CLANG_WARN_OBJC_LITERAL_CONVERSION = YES;
				CLANG_WARN_OBJC_ROOT_CLASS = YES_ERROR;
				CLANG_WARN_QUOTED_INCLUDE_IN_FRAMEWORK_HEADER = YES;
				CLANG_WARN_RANGE_LOOP_ANALYSIS = YES;
				CLANG_WARN_STRICT_PROTOTYPES = YES;
				CLANG_WARN_SUSPICIOUS_MOVE = YES;
				CLANG_WARN_UNGUARDED_AVAILABILITY = YES_AGGRESSIVE;
				CLANG_WARN_UNREACHABLE_CODE = YES;
				CLANG_WARN__DUPLICATE_METHOD_MATCH = YES;
				COPY_PHASE_STRIP = NO;
				DEBUG_INFORMATION_FORMAT = "dwarf-with-dsym";
				ENABLE_NS_ASSERTIONS = NO;
				ENABLE_STRICT_OBJC_MSGSEND = YES;
				ENABLE_USER_SCRIPT_SANDBOXING = YES;
				GCC_C_LANGUAGE_STANDARD = gnu17;
				GCC_NO_COMMON_BLOCKS = YES;
				GCC_WARN_64_TO_32_BIT_CONVERSION = YES;
				GCC_WARN_ABOUT_RETURN_TYPE = YES_ERROR;
				GCC_WARN_UNDECLARED_SELECTOR = YES;
				GCC_WARN_UNINITIALIZED_AUTOS = YES_AGGRESSIVE;
				GCC_WARN_UNUSED_FUNCTION = YES;
				GCC_WARN_UNUSED_VARIABLE = YES;
				HEADER_SEARCH_PATHS = "/opt/homebrew/Cellar/opencv/4.9.0_7/include/opencv4/**";
				LOCALIZATION_PREFERS_STRING_CATALOGS = YES;
				MACOSX_DEPLOYMENT_TARGET = 14.4;
				MTL_ENABLE_DEBUG_INFO = NO;
				MTL_FAST_MATH = YES;
				SDKROOT = macosx;
			};
			name = Release;
		};
		72123EEE2BCE0C4600FC873E /* Debug */ = {
			isa = XCBuildConfiguration;
			buildSettings = {
				CODE_SIGN_STYLE = Automatic;
				LIBRARY_SEARCH_PATHS = (
					"$(inherited)",
					/opt/homebrew/Cellar/opencv/4.9.0_6/lib,
					/opt/homebrew/Cellar/opencv/4.9.0_7/lib,
				);
				PRODUCT_NAME = "$(TARGET_NAME)";
			};
			name = Debug;
		};
		72123EEF2BCE0C4600FC873E /* Release */ = {
			isa = XCBuildConfiguration;
			buildSettings = {
				CODE_SIGN_STYLE = Automatic;
				LIBRARY_SEARCH_PATHS = (
					"$(inherited)",
					/opt/homebrew/Cellar/opencv/4.9.0_6/lib,
					/opt/homebrew/Cellar/opencv/4.9.0_7/lib,
				);
				PRODUCT_NAME = "$(TARGET_NAME)";
			};
			name = Release;
		};
/* End XCBuildConfiguration section */

/* Begin XCConfigurationList section */
		72123EE12BCE0C4600FC873E /* Build configuration list for PBXProject "pi" */ = {
			isa = XCConfigurationList;
			buildConfigurations = (
				72123EEB2BCE0C4600FC873E /* Debug */,
				72123EEC2BCE0C4600FC873E /* Release */,
			);
			defaultConfigurationIsVisible = 0;
			defaultConfigurationName = Release;
		};
		72123EED2BCE0C4600FC873E /* Build configuration list for PBXNativeTarget "pi" */ = {
			isa = XCConfigurationList;
			buildConfigurations = (
				72123EEE2BCE0C4600FC873E /* Debug */,
				72123EEF2BCE0C4600FC873E /* Release */,
			);
			defaultConfigurationIsVisible = 0;
			defaultConfigurationName = Release;
		};
/* End XCConfigurationList section */
	};
	rootObject = 72123EDE2BCE0C4600FC873E /* Project object */;
}
