// !$*UTF8*$!
{
	archiveVersion = 1;
	classes = {
	};
	objectVersion = 56;
	objects = {

/* Begin PBXBuildFile section */
		72123EEA2BCE0C4600FC873E /* main.cpp in Sources */ = {isa = PBXBuildFile; fileRef = 72123EE92BCE0C4600FC873E /* main.cpp */; };
		7212409F2BCE1D5000FC873E /* lib.cpp in Sources */ = {isa = PBXBuildFile; fileRef = 7212409E2BCE1D5000FC873E /* lib.cpp */; };
		7242909F2C11E5CA00162819 /* pancreas_segmentation.cpp in Sources */ = {isa = PBXBuildFile; fileRef = 7242909D2C11E5CA00162819 /* pancreas_segmentation.cpp */; };
		72705B5D2BF819C2003D52C2 /* libopencv_rapid.4.9.0.dylib in Frameworks */ = {isa = PBXBuildFile; fileRef = 72705B262BF819C0003D52C2 /* libopencv_rapid.4.9.0.dylib */; };
		72705B5E2BF819C2003D52C2 /* libopencv_freetype.4.9.0.dylib in Frameworks */ = {isa = PBXBuildFile; fileRef = 72705B272BF819C0003D52C2 /* libopencv_freetype.4.9.0.dylib */; };
		72705B5F2BF819C2003D52C2 /* libopencv_wechat_qrcode.4.9.0.dylib in Frameworks */ = {isa = PBXBuildFile; fileRef = 72705B282BF819C0003D52C2 /* libopencv_wechat_qrcode.4.9.0.dylib */; };
		72705B602BF819C2003D52C2 /* libopencv_sfm.4.9.0.dylib in Frameworks */ = {isa = PBXBuildFile; fileRef = 72705B292BF819C0003D52C2 /* libopencv_sfm.4.9.0.dylib */; };
		72705B612BF819C2003D52C2 /* libopencv_core.4.9.0.dylib in Frameworks */ = {isa = PBXBuildFile; fileRef = 72705B2A2BF819C0003D52C2 /* libopencv_core.4.9.0.dylib */; };
		72705B622BF819C2003D52C2 /* libopencv_imgcodecs.4.9.0.dylib in Frameworks */ = {isa = PBXBuildFile; fileRef = 72705B2B2BF819C0003D52C2 /* libopencv_imgcodecs.4.9.0.dylib */; };
		72705B632BF819C2003D52C2 /* libopencv_line_descriptor.4.9.0.dylib in Frameworks */ = {isa = PBXBuildFile; fileRef = 72705B2C2BF819C0003D52C2 /* libopencv_line_descriptor.4.9.0.dylib */; };
		72705B642BF819C2003D52C2 /* libopencv_structured_light.4.9.0.dylib in Frameworks */ = {isa = PBXBuildFile; fileRef = 72705B2D2BF819C0003D52C2 /* libopencv_structured_light.4.9.0.dylib */; };
		72705B652BF819C2003D52C2 /* libopencv_mcc.4.9.0.dylib in Frameworks */ = {isa = PBXBuildFile; fileRef = 72705B2E2BF819C0003D52C2 /* libopencv_mcc.4.9.0.dylib */; };
		72705B662BF819C2003D52C2 /* libopencv_plot.4.9.0.dylib in Frameworks */ = {isa = PBXBuildFile; fileRef = 72705B2F2BF819C1003D52C2 /* libopencv_plot.4.9.0.dylib */; };
		72705B672BF819C2003D52C2 /* libopencv_hfs.4.9.0.dylib in Frameworks */ = {isa = PBXBuildFile; fileRef = 72705B302BF819C1003D52C2 /* libopencv_hfs.4.9.0.dylib */; };
		72705B682BF819C2003D52C2 /* libopencv_xfeatures2d.4.9.0.dylib in Frameworks */ = {isa = PBXBuildFile; fileRef = 72705B312BF819C1003D52C2 /* libopencv_xfeatures2d.4.9.0.dylib */; };
		72705B692BF819C2003D52C2 /* libopencv_reg.4.9.0.dylib in Frameworks */ = {isa = PBXBuildFile; fileRef = 72705B322BF819C1003D52C2 /* libopencv_reg.4.9.0.dylib */; };
		72705B6A2BF819C2003D52C2 /* libopencv_superres.4.9.0.dylib in Frameworks */ = {isa = PBXBuildFile; fileRef = 72705B332BF819C1003D52C2 /* libopencv_superres.4.9.0.dylib */; };
		72705B6B2BF819C2003D52C2 /* libopencv_dnn_superres.4.9.0.dylib in Frameworks */ = {isa = PBXBuildFile; fileRef = 72705B342BF819C1003D52C2 /* libopencv_dnn_superres.4.9.0.dylib */; };
		72705B6C2BF819C2003D52C2 /* libopencv_viz.4.9.0.dylib in Frameworks */ = {isa = PBXBuildFile; fileRef = 72705B352BF819C1003D52C2 /* libopencv_viz.4.9.0.dylib */; };
		72705B6D2BF819C2003D52C2 /* libopencv_objdetect.4.9.0.dylib in Frameworks */ = {isa = PBXBuildFile; fileRef = 72705B362BF819C1003D52C2 /* libopencv_objdetect.4.9.0.dylib */; };
		72705B6E2BF819C2003D52C2 /* libopencv_rgbd.4.9.0.dylib in Frameworks */ = {isa = PBXBuildFile; fileRef = 72705B372BF819C1003D52C2 /* libopencv_rgbd.4.9.0.dylib */; };
		72705B6F2BF819C2003D52C2 /* libopencv_surface_matching.4.9.0.dylib in Frameworks */ = {isa = PBXBuildFile; fileRef = 72705B382BF819C1003D52C2 /* libopencv_surface_matching.4.9.0.dylib */; };
		72705B702BF819C2003D52C2 /* libopencv_xphoto.4.9.0.dylib in Frameworks */ = {isa = PBXBuildFile; fileRef = 72705B392BF819C1003D52C2 /* libopencv_xphoto.4.9.0.dylib */; };
		72705B712BF819C2003D52C2 /* libopencv_imgproc.4.9.0.dylib in Frameworks */ = {isa = PBXBuildFile; fileRef = 72705B3A2BF819C1003D52C2 /* libopencv_imgproc.4.9.0.dylib */; };
		72705B722BF819C2003D52C2 /* libopencv_aruco.4.9.0.dylib in Frameworks */ = {isa = PBXBuildFile; fileRef = 72705B3B2BF819C1003D52C2 /* libopencv_aruco.4.9.0.dylib */; };
		72705B732BF819C2003D52C2 /* libopencv_bioinspired.4.9.0.dylib in Frameworks */ = {isa = PBXBuildFile; fileRef = 72705B3C2BF819C1003D52C2 /* libopencv_bioinspired.4.9.0.dylib */; };
		72705B742BF819C2003D52C2 /* libopencv_stereo.4.9.0.dylib in Frameworks */ = {isa = PBXBuildFile; fileRef = 72705B3D2BF819C1003D52C2 /* libopencv_stereo.4.9.0.dylib */; };
		72705B752BF819C2003D52C2 /* libopencv_videoio.4.9.0.dylib in Frameworks */ = {isa = PBXBuildFile; fileRef = 72705B3E2BF819C1003D52C2 /* libopencv_videoio.4.9.0.dylib */; };
		72705B762BF819C2003D52C2 /* libopencv_datasets.4.9.0.dylib in Frameworks */ = {isa = PBXBuildFile; fileRef = 72705B3F2BF819C1003D52C2 /* libopencv_datasets.4.9.0.dylib */; };
		72705B772BF819C2003D52C2 /* libopencv_gapi.4.9.0.dylib in Frameworks */ = {isa = PBXBuildFile; fileRef = 72705B402BF819C1003D52C2 /* libopencv_gapi.4.9.0.dylib */; };
		72705B782BF819C2003D52C2 /* libopencv_shape.4.9.0.dylib in Frameworks */ = {isa = PBXBuildFile; fileRef = 72705B412BF819C1003D52C2 /* libopencv_shape.4.9.0.dylib */; };
		72705B792BF819C2003D52C2 /* libopencv_text.4.9.0.dylib in Frameworks */ = {isa = PBXBuildFile; fileRef = 72705B422BF819C1003D52C2 /* libopencv_text.4.9.0.dylib */; };
		72705B7A2BF819C2003D52C2 /* libopencv_stitching.4.9.0.dylib in Frameworks */ = {isa = PBXBuildFile; fileRef = 72705B432BF819C1003D52C2 /* libopencv_stitching.4.9.0.dylib */; };
		72705B7B2BF819C2003D52C2 /* libopencv_video.4.9.0.dylib in Frameworks */ = {isa = PBXBuildFile; fileRef = 72705B442BF819C1003D52C2 /* libopencv_video.4.9.0.dylib */; };
		72705B7C2BF819C2003D52C2 /* libopencv_intensity_transform.4.9.0.dylib in Frameworks */ = {isa = PBXBuildFile; fileRef = 72705B452BF819C1003D52C2 /* libopencv_intensity_transform.4.9.0.dylib */; };
		72705B7D2BF819C2003D52C2 /* libopencv_dnn.4.9.0.dylib in Frameworks */ = {isa = PBXBuildFile; fileRef = 72705B462BF819C1003D52C2 /* libopencv_dnn.4.9.0.dylib */; };
		72705B7E2BF819C2003D52C2 /* libopencv_highgui.4.9.0.dylib in Frameworks */ = {isa = PBXBuildFile; fileRef = 72705B472BF819C1003D52C2 /* libopencv_highgui.4.9.0.dylib */; };
		72705B7F2BF819C2003D52C2 /* libopencv_quality.4.9.0.dylib in Frameworks */ = {isa = PBXBuildFile; fileRef = 72705B482BF819C1003D52C2 /* libopencv_quality.4.9.0.dylib */; };
		72705B802BF819C2003D52C2 /* libopencv_fuzzy.4.9.0.dylib in Frameworks */ = {isa = PBXBuildFile; fileRef = 72705B492BF819C1003D52C2 /* libopencv_fuzzy.4.9.0.dylib */; };
		72705B812BF819C2003D52C2 /* libopencv_tracking.4.9.0.dylib in Frameworks */ = {isa = PBXBuildFile; fileRef = 72705B4A2BF819C2003D52C2 /* libopencv_tracking.4.9.0.dylib */; };
		72705B822BF819C2003D52C2 /* libopencv_dnn_objdetect.4.9.0.dylib in Frameworks */ = {isa = PBXBuildFile; fileRef = 72705B4B2BF819C2003D52C2 /* libopencv_dnn_objdetect.4.9.0.dylib */; };
		72705B832BF819C2003D52C2 /* libopencv_saliency.4.9.0.dylib in Frameworks */ = {isa = PBXBuildFile; fileRef = 72705B4C2BF819C2003D52C2 /* libopencv_saliency.4.9.0.dylib */; };
		72705B842BF819C2003D52C2 /* libopencv_dpm.4.9.0.dylib in Frameworks */ = {isa = PBXBuildFile; fileRef = 72705B4D2BF819C2003D52C2 /* libopencv_dpm.4.9.0.dylib */; };
		72705B852BF819C2003D52C2 /* libopencv_face.4.9.0.dylib in Frameworks */ = {isa = PBXBuildFile; fileRef = 72705B4E2BF819C2003D52C2 /* libopencv_face.4.9.0.dylib */; };
		72705B862BF819C2003D52C2 /* libopencv_phase_unwrapping.4.9.0.dylib in Frameworks */ = {isa = PBXBuildFile; fileRef = 72705B4F2BF819C2003D52C2 /* libopencv_phase_unwrapping.4.9.0.dylib */; };
		72705B872BF819C2003D52C2 /* libopencv_flann.4.9.0.dylib in Frameworks */ = {isa = PBXBuildFile; fileRef = 72705B502BF819C2003D52C2 /* libopencv_flann.4.9.0.dylib */; };
		72705B882BF819C2003D52C2 /* libopencv_img_hash.4.9.0.dylib in Frameworks */ = {isa = PBXBuildFile; fileRef = 72705B512BF819C2003D52C2 /* libopencv_img_hash.4.9.0.dylib */; };
		72705B892BF819C2003D52C2 /* libopencv_alphamat.4.9.0.dylib in Frameworks */ = {isa = PBXBuildFile; fileRef = 72705B522BF819C2003D52C2 /* libopencv_alphamat.4.9.0.dylib */; };
		72705B8A2BF819C2003D52C2 /* libopencv_ximgproc.4.9.0.dylib in Frameworks */ = {isa = PBXBuildFile; fileRef = 72705B532BF819C2003D52C2 /* libopencv_ximgproc.4.9.0.dylib */; };
		72705B8B2BF819C2003D52C2 /* libopencv_videostab.4.9.0.dylib in Frameworks */ = {isa = PBXBuildFile; fileRef = 72705B542BF819C2003D52C2 /* libopencv_videostab.4.9.0.dylib */; };
		72705B8C2BF819C2003D52C2 /* libopencv_optflow.4.9.0.dylib in Frameworks */ = {isa = PBXBuildFile; fileRef = 72705B552BF819C2003D52C2 /* libopencv_optflow.4.9.0.dylib */; };
		72705B8D2BF819C2003D52C2 /* libopencv_photo.4.9.0.dylib in Frameworks */ = {isa = PBXBuildFile; fileRef = 72705B562BF819C2003D52C2 /* libopencv_photo.4.9.0.dylib */; };
		72705B8E2BF819C2003D52C2 /* libopencv_features2d.4.9.0.dylib in Frameworks */ = {isa = PBXBuildFile; fileRef = 72705B572BF819C2003D52C2 /* libopencv_features2d.4.9.0.dylib */; };
		72705B8F2BF819C2003D52C2 /* libopencv_bgsegm.4.9.0.dylib in Frameworks */ = {isa = PBXBuildFile; fileRef = 72705B582BF819C2003D52C2 /* libopencv_bgsegm.4.9.0.dylib */; };
		72705B902BF819C2003D52C2 /* libopencv_ccalib.4.9.0.dylib in Frameworks */ = {isa = PBXBuildFile; fileRef = 72705B592BF819C2003D52C2 /* libopencv_ccalib.4.9.0.dylib */; };
		72705B912BF819C2003D52C2 /* libopencv_calib3d.4.9.0.dylib in Frameworks */ = {isa = PBXBuildFile; fileRef = 72705B5A2BF819C2003D52C2 /* libopencv_calib3d.4.9.0.dylib */; };
		72705B922BF819C2003D52C2 /* libopencv_xobjdetect.4.9.0.dylib in Frameworks */ = {isa = PBXBuildFile; fileRef = 72705B5B2BF819C2003D52C2 /* libopencv_xobjdetect.4.9.0.dylib */; };
		72705B932BF819C2003D52C2 /* libopencv_ml.4.9.0.dylib in Frameworks */ = {isa = PBXBuildFile; fileRef = 72705B5C2BF819C2003D52C2 /* libopencv_ml.4.9.0.dylib */; };
		7287D7B72C20B74B008BE59F /* evaluation.cpp in Sources */ = {isa = PBXBuildFile; fileRef = 7287D7B52C20B74B008BE59F /* evaluation.cpp */; };
/* End PBXBuildFile section */

/* Begin PBXCopyFilesBuildPhase section */
		72123EE42BCE0C4600FC873E /* CopyFiles */ = {
			isa = PBXCopyFilesBuildPhase;
			buildActionMask = 2147483647;
			dstPath = /usr/share/man/man1/;
			dstSubfolderSpec = 0;
			files = (
			);
			runOnlyForDeploymentPostprocessing = 1;
		};
/* End PBXCopyFilesBuildPhase section */

/* Begin PBXFileReference section */
		72123EE62BCE0C4600FC873E /* pi */ = {isa = PBXFileReference; explicitFileType = "compiled.mach-o.executable"; includeInIndex = 0; path = pi; sourceTree = BUILT_PRODUCTS_DIR; };
		72123EE92BCE0C4600FC873E /* main.cpp */ = {isa = PBXFileReference; lastKnownFileType = sourcecode.cpp.cpp; path = main.cpp; sourceTree = "<group>"; };
		7212409D2BCE1D3600FC873E /* lib.h */ = {isa = PBXFileReference; lastKnownFileType = sourcecode.c.h; path = lib.h; sourceTree = "<group>"; };
		7212409E2BCE1D5000FC873E /* lib.cpp */ = {isa = PBXFileReference; lastKnownFileType = sourcecode.cpp.cpp; path = lib.cpp; sourceTree = "<group>"; };
		7242909D2C11E5CA00162819 /* pancreas_segmentation.cpp */ = {isa = PBXFileReference; lastKnownFileType = sourcecode.cpp.cpp; path = pancreas_segmentation.cpp; sourceTree = "<group>"; };
		7242909E2C11E5CA00162819 /* pancreas_segmentation.hpp */ = {isa = PBXFileReference; lastKnownFileType = sourcecode.cpp.h; path = pancreas_segmentation.hpp; sourceTree = "<group>"; };
		72705B262BF819C0003D52C2 /* libopencv_rapid.4.9.0.dylib */ = {isa = PBXFileReference; lastKnownFileType = "compiled.mach-o.dylib"; name = libopencv_rapid.4.9.0.dylib; path = ../../../../../opt/homebrew/Cellar/opencv/4.9.0_8.reinstall/lib/libopencv_rapid.4.9.0.dylib; sourceTree = "<group>"; };
		72705B272BF819C0003D52C2 /* libopencv_freetype.4.9.0.dylib */ = {isa = PBXFileReference; lastKnownFileType = "compiled.mach-o.dylib"; name = libopencv_freetype.4.9.0.dylib; path = ../../../../../opt/homebrew/Cellar/opencv/4.9.0_8.reinstall/lib/libopencv_freetype.4.9.0.dylib; sourceTree = "<group>"; };
		72705B282BF819C0003D52C2 /* libopencv_wechat_qrcode.4.9.0.dylib */ = {isa = PBXFileReference; lastKnownFileType = "compiled.mach-o.dylib"; name = libopencv_wechat_qrcode.4.9.0.dylib; path = ../../../../../opt/homebrew/Cellar/opencv/4.9.0_8.reinstall/lib/libopencv_wechat_qrcode.4.9.0.dylib; sourceTree = "<group>"; };
		72705B292BF819C0003D52C2 /* libopencv_sfm.4.9.0.dylib */ = {isa = PBXFileReference; lastKnownFileType = "compiled.mach-o.dylib"; name = libopencv_sfm.4.9.0.dylib; path = ../../../../../opt/homebrew/Cellar/opencv/4.9.0_8.reinstall/lib/libopencv_sfm.4.9.0.dylib; sourceTree = "<group>"; };
		72705B2A2BF819C0003D52C2 /* libopencv_core.4.9.0.dylib */ = {isa = PBXFileReference; lastKnownFileType = "compiled.mach-o.dylib"; name = libopencv_core.4.9.0.dylib; path = ../../../../../opt/homebrew/Cellar/opencv/4.9.0_8.reinstall/lib/libopencv_core.4.9.0.dylib; sourceTree = "<group>"; };
		72705B2B2BF819C0003D52C2 /* libopencv_imgcodecs.4.9.0.dylib */ = {isa = PBXFileReference; lastKnownFileType = "compiled.mach-o.dylib"; name = libopencv_imgcodecs.4.9.0.dylib; path = ../../../../../opt/homebrew/Cellar/opencv/4.9.0_8.reinstall/lib/libopencv_imgcodecs.4.9.0.dylib; sourceTree = "<group>"; };
		72705B2C2BF819C0003D52C2 /* libopencv_line_descriptor.4.9.0.dylib */ = {isa = PBXFileReference; lastKnownFileType = "compiled.mach-o.dylib"; name = libopencv_line_descriptor.4.9.0.dylib; path = ../../../../../opt/homebrew/Cellar/opencv/4.9.0_8.reinstall/lib/libopencv_line_descriptor.4.9.0.dylib; sourceTree = "<group>"; };
		72705B2D2BF819C0003D52C2 /* libopencv_structured_light.4.9.0.dylib */ = {isa = PBXFileReference; lastKnownFileType = "compiled.mach-o.dylib"; name = libopencv_structured_light.4.9.0.dylib; path = ../../../../../opt/homebrew/Cellar/opencv/4.9.0_8.reinstall/lib/libopencv_structured_light.4.9.0.dylib; sourceTree = "<group>"; };
		72705B2E2BF819C0003D52C2 /* libopencv_mcc.4.9.0.dylib */ = {isa = PBXFileReference; lastKnownFileType = "compiled.mach-o.dylib"; name = libopencv_mcc.4.9.0.dylib; path = ../../../../../opt/homebrew/Cellar/opencv/4.9.0_8.reinstall/lib/libopencv_mcc.4.9.0.dylib; sourceTree = "<group>"; };
		72705B2F2BF819C1003D52C2 /* libopencv_plot.4.9.0.dylib */ = {isa = PBXFileReference; lastKnownFileType = "compiled.mach-o.dylib"; name = libopencv_plot.4.9.0.dylib; path = ../../../../../opt/homebrew/Cellar/opencv/4.9.0_8.reinstall/lib/libopencv_plot.4.9.0.dylib; sourceTree = "<group>"; };
		72705B302BF819C1003D52C2 /* libopencv_hfs.4.9.0.dylib */ = {isa = PBXFileReference; lastKnownFileType = "compiled.mach-o.dylib"; name = libopencv_hfs.4.9.0.dylib; path = ../../../../../opt/homebrew/Cellar/opencv/4.9.0_8.reinstall/lib/libopencv_hfs.4.9.0.dylib; sourceTree = "<group>"; };
		72705B312BF819C1003D52C2 /* libopencv_xfeatures2d.4.9.0.dylib */ = {isa = PBXFileReference; lastKnownFileType = "compiled.mach-o.dylib"; name = libopencv_xfeatures2d.4.9.0.dylib; path = ../../../../../opt/homebrew/Cellar/opencv/4.9.0_8.reinstall/lib/libopencv_xfeatures2d.4.9.0.dylib; sourceTree = "<group>"; };
		72705B322BF819C1003D52C2 /* libopencv_reg.4.9.0.dylib */ = {isa = PBXFileReference; lastKnownFileType = "compiled.mach-o.dylib"; name = libopencv_reg.4.9.0.dylib; path = ../../../../../opt/homebrew/Cellar/opencv/4.9.0_8.reinstall/lib/libopencv_reg.4.9.0.dylib; sourceTree = "<group>"; };
		72705B332BF819C1003D52C2 /* libopencv_superres.4.9.0.dylib */ = {isa = PBXFileReference; lastKnownFileType = "compiled.mach-o.dylib"; name = libopencv_superres.4.9.0.dylib; path = ../../../../../opt/homebrew/Cellar/opencv/4.9.0_8.reinstall/lib/libopencv_superres.4.9.0.dylib; sourceTree = "<group>"; };
		72705B342BF819C1003D52C2 /* libopencv_dnn_superres.4.9.0.dylib */ = {isa = PBXFileReference; lastKnownFileType = "compiled.mach-o.dylib"; name = libopencv_dnn_superres.4.9.0.dylib; path = ../../../../../opt/homebrew/Cellar/opencv/4.9.0_8.reinstall/lib/libopencv_dnn_superres.4.9.0.dylib; sourceTree = "<group>"; };
		72705B352BF819C1003D52C2 /* libopencv_viz.4.9.0.dylib */ = {isa = PBXFileReference; lastKnownFileType = "compiled.mach-o.dylib"; name = libopencv_viz.4.9.0.dylib; path = ../../../../../opt/homebrew/Cellar/opencv/4.9.0_8.reinstall/lib/libopencv_viz.4.9.0.dylib; sourceTree = "<group>"; };
		72705B362BF819C1003D52C2 /* libopencv_objdetect.4.9.0.dylib */ = {isa = PBXFileReference; lastKnownFileType = "compiled.mach-o.dylib"; name = libopencv_objdetect.4.9.0.dylib; path = ../../../../../opt/homebrew/Cellar/opencv/4.9.0_8.reinstall/lib/libopencv_objdetect.4.9.0.dylib; sourceTree = "<group>"; };
		72705B372BF819C1003D52C2 /* libopencv_rgbd.4.9.0.dylib */ = {isa = PBXFileReference; lastKnownFileType = "compiled.mach-o.dylib"; name = libopencv_rgbd.4.9.0.dylib; path = ../../../../../opt/homebrew/Cellar/opencv/4.9.0_8.reinstall/lib/libopencv_rgbd.4.9.0.dylib; sourceTree = "<group>"; };
		72705B382BF819C1003D52C2 /* libopencv_surface_matching.4.9.0.dylib */ = {isa = PBXFileReference; lastKnownFileType = "compiled.mach-o.dylib"; name = libopencv_surface_matching.4.9.0.dylib; path = ../../../../../opt/homebrew/Cellar/opencv/4.9.0_8.reinstall/lib/libopencv_surface_matching.4.9.0.dylib; sourceTree = "<group>"; };
		72705B392BF819C1003D52C2 /* libopencv_xphoto.4.9.0.dylib */ = {isa = PBXFileReference; lastKnownFileType = "compiled.mach-o.dylib"; name = libopencv_xphoto.4.9.0.dylib; path = ../../../../../opt/homebrew/Cellar/opencv/4.9.0_8.reinstall/lib/libopencv_xphoto.4.9.0.dylib; sourceTree = "<group>"; };
		72705B3A2BF819C1003D52C2 /* libopencv_imgproc.4.9.0.dylib */ = {isa = PBXFileReference; lastKnownFileType = "compiled.mach-o.dylib"; name = libopencv_imgproc.4.9.0.dylib; path = ../../../../../opt/homebrew/Cellar/opencv/4.9.0_8.reinstall/lib/libopencv_imgproc.4.9.0.dylib; sourceTree = "<group>"; };
		72705B3B2BF819C1003D52C2 /* libopencv_aruco.4.9.0.dylib */ = {isa = PBXFileReference; lastKnownFileType = "compiled.mach-o.dylib"; name = libopencv_aruco.4.9.0.dylib; path = ../../../../../opt/homebrew/Cellar/opencv/4.9.0_8.reinstall/lib/libopencv_aruco.4.9.0.dylib; sourceTree = "<group>"; };
		72705B3C2BF819C1003D52C2 /* libopencv_bioinspired.4.9.0.dylib */ = {isa = PBXFileReference; lastKnownFileType = "compiled.mach-o.dylib"; name = libopencv_bioinspired.4.9.0.dylib; path = ../../../../../opt/homebrew/Cellar/opencv/4.9.0_8.reinstall/lib/libopencv_bioinspired.4.9.0.dylib; sourceTree = "<group>"; };
		72705B3D2BF819C1003D52C2 /* libopencv_stereo.4.9.0.dylib */ = {isa = PBXFileReference; lastKnownFileType = "compiled.mach-o.dylib"; name = libopencv_stereo.4.9.0.dylib; path = ../../../../../opt/homebrew/Cellar/opencv/4.9.0_8.reinstall/lib/libopencv_stereo.4.9.0.dylib; sourceTree = "<group>"; };
		72705B3E2BF819C1003D52C2 /* libopencv_videoio.4.9.0.dylib */ = {isa = PBXFileReference; lastKnownFileType = "compiled.mach-o.dylib"; name = libopencv_videoio.4.9.0.dylib; path = ../../../../../opt/homebrew/Cellar/opencv/4.9.0_8.reinstall/lib/libopencv_videoio.4.9.0.dylib; sourceTree = "<group>"; };
		72705B3F2BF819C1003D52C2 /* libopencv_datasets.4.9.0.dylib */ = {isa = PBXFileReference; lastKnownFileType = "compiled.mach-o.dylib"; name = libopencv_datasets.4.9.0.dylib; path = ../../../../../opt/homebrew/Cellar/opencv/4.9.0_8.reinstall/lib/libopencv_datasets.4.9.0.dylib; sourceTree = "<group>"; };
		72705B402BF819C1003D52C2 /* libopencv_gapi.4.9.0.dylib */ = {isa = PBXFileReference; lastKnownFileType = "compiled.mach-o.dylib"; name = libopencv_gapi.4.9.0.dylib; path = ../../../../../opt/homebrew/Cellar/opencv/4.9.0_8.reinstall/lib/libopencv_gapi.4.9.0.dylib; sourceTree = "<group>"; };
		72705B412BF819C1003D52C2 /* libopencv_shape.4.9.0.dylib */ = {isa = PBXFileReference; lastKnownFileType = "compiled.mach-o.dylib"; name = libopencv_shape.4.9.0.dylib; path = ../../../../../opt/homebrew/Cellar/opencv/4.9.0_8.reinstall/lib/libopencv_shape.4.9.0.dylib; sourceTree = "<group>"; };
		72705B422BF819C1003D52C2 /* libopencv_text.4.9.0.dylib */ = {isa = PBXFileReference; lastKnownFileType = "compiled.mach-o.dylib"; name = libopencv_text.4.9.0.dylib; path = ../../../../../opt/homebrew/Cellar/opencv/4.9.0_8.reinstall/lib/libopencv_text.4.9.0.dylib; sourceTree = "<group>"; };
		72705B432BF819C1003D52C2 /* libopencv_stitching.4.9.0.dylib */ = {isa = PBXFileReference; lastKnownFileType = "compiled.mach-o.dylib"; name = libopencv_stitching.4.9.0.dylib; path = ../../../../../opt/homebrew/Cellar/opencv/4.9.0_8.reinstall/lib/libopencv_stitching.4.9.0.dylib; sourceTree = "<group>"; };
		72705B442BF819C1003D52C2 /* libopencv_video.4.9.0.dylib */ = {isa = PBXFileReference; lastKnownFileType = "compiled.mach-o.dylib"; name = libopencv_video.4.9.0.dylib; path = ../../../../../opt/homebrew/Cellar/opencv/4.9.0_8.reinstall/lib/libopencv_video.4.9.0.dylib; sourceTree = "<group>"; };
		72705B452BF819C1003D52C2 /* libopencv_intensity_transform.4.9.0.dylib */ = {isa = PBXFileReference; lastKnownFileType = "compiled.mach-o.dylib"; name = libopencv_intensity_transform.4.9.0.dylib; path = ../../../../../opt/homebrew/Cellar/opencv/4.9.0_8.reinstall/lib/libopencv_intensity_transform.4.9.0.dylib; sourceTree = "<group>"; };
		72705B462BF819C1003D52C2 /* libopencv_dnn.4.9.0.dylib */ = {isa = PBXFileReference; lastKnownFileType = "compiled.mach-o.dylib"; name = libopencv_dnn.4.9.0.dylib; path = ../../../../../opt/homebrew/Cellar/opencv/4.9.0_8.reinstall/lib/libopencv_dnn.4.9.0.dylib; sourceTree = "<group>"; };
		72705B472BF819C1003D52C2 /* libopencv_highgui.4.9.0.dylib */ = {isa = PBXFileReference; lastKnownFileType = "compiled.mach-o.dylib"; name = libopencv_highgui.4.9.0.dylib; path = ../../../../../opt/homebrew/Cellar/opencv/4.9.0_8.reinstall/lib/libopencv_highgui.4.9.0.dylib; sourceTree = "<group>"; };
		72705B482BF819C1003D52C2 /* libopencv_quality.4.9.0.dylib */ = {isa = PBXFileReference; lastKnownFileType = "compiled.mach-o.dylib"; name = libopencv_quality.4.9.0.dylib; path = ../../../../../opt/homebrew/Cellar/opencv/4.9.0_8.reinstall/lib/libopencv_quality.4.9.0.dylib; sourceTree = "<group>"; };
		72705B492BF819C1003D52C2 /* libopencv_fuzzy.4.9.0.dylib */ = {isa = PBXFileReference; lastKnownFileType = "compiled.mach-o.dylib"; name = libopencv_fuzzy.4.9.0.dylib; path = ../../../../../opt/homebrew/Cellar/opencv/4.9.0_8.reinstall/lib/libopencv_fuzzy.4.9.0.dylib; sourceTree = "<group>"; };
		72705B4A2BF819C2003D52C2 /* libopencv_tracking.4.9.0.dylib */ = {isa = PBXFileReference; lastKnownFileType = "compiled.mach-o.dylib"; name = libopencv_tracking.4.9.0.dylib; path = ../../../../../opt/homebrew/Cellar/opencv/4.9.0_8.reinstall/lib/libopencv_tracking.4.9.0.dylib; sourceTree = "<group>"; };
		72705B4B2BF819C2003D52C2 /* libopencv_dnn_objdetect.4.9.0.dylib */ = {isa = PBXFileReference; lastKnownFileType = "compiled.mach-o.dylib"; name = libopencv_dnn_objdetect.4.9.0.dylib; path = ../../../../../opt/homebrew/Cellar/opencv/4.9.0_8.reinstall/lib/libopencv_dnn_objdetect.4.9.0.dylib; sourceTree = "<group>"; };
		72705B4C2BF819C2003D52C2 /* libopencv_saliency.4.9.0.dylib */ = {isa = PBXFileReference; lastKnownFileType = "compiled.mach-o.dylib"; name = libopencv_saliency.4.9.0.dylib; path = ../../../../../opt/homebrew/Cellar/opencv/4.9.0_8.reinstall/lib/libopencv_saliency.4.9.0.dylib; sourceTree = "<group>"; };
		72705B4D2BF819C2003D52C2 /* libopencv_dpm.4.9.0.dylib */ = {isa = PBXFileReference; lastKnownFileType = "compiled.mach-o.dylib"; name = libopencv_dpm.4.9.0.dylib; path = ../../../../../opt/homebrew/Cellar/opencv/4.9.0_8.reinstall/lib/libopencv_dpm.4.9.0.dylib; sourceTree = "<group>"; };
		72705B4E2BF819C2003D52C2 /* libopencv_face.4.9.0.dylib */ = {isa = PBXFileReference; lastKnownFileType = "compiled.mach-o.dylib"; name = libopencv_face.4.9.0.dylib; path = ../../../../../opt/homebrew/Cellar/opencv/4.9.0_8.reinstall/lib/libopencv_face.4.9.0.dylib; sourceTree = "<group>"; };
		72705B4F2BF819C2003D52C2 /* libopencv_phase_unwrapping.4.9.0.dylib */ = {isa = PBXFileReference; lastKnownFileType = "compiled.mach-o.dylib"; name = libopencv_phase_unwrapping.4.9.0.dylib; path = ../../../../../opt/homebrew/Cellar/opencv/4.9.0_8.reinstall/lib/libopencv_phase_unwrapping.4.9.0.dylib; sourceTree = "<group>"; };
		72705B502BF819C2003D52C2 /* libopencv_flann.4.9.0.dylib */ = {isa = PBXFileReference; lastKnownFileType = "compiled.mach-o.dylib"; name = libopencv_flann.4.9.0.dylib; path = ../../../../../opt/homebrew/Cellar/opencv/4.9.0_8.reinstall/lib/libopencv_flann.4.9.0.dylib; sourceTree = "<group>"; };
		72705B512BF819C2003D52C2 /* libopencv_img_hash.4.9.0.dylib */ = {isa = PBXFileReference; lastKnownFileType = "compiled.mach-o.dylib"; name = libopencv_img_hash.4.9.0.dylib; path = ../../../../../opt/homebrew/Cellar/opencv/4.9.0_8.reinstall/lib/libopencv_img_hash.4.9.0.dylib; sourceTree = "<group>"; };
		72705B522BF819C2003D52C2 /* libopencv_alphamat.4.9.0.dylib */ = {isa = PBXFileReference; lastKnownFileType = "compiled.mach-o.dylib"; name = libopencv_alphamat.4.9.0.dylib; path = ../../../../../opt/homebrew/Cellar/opencv/4.9.0_8.reinstall/lib/libopencv_alphamat.4.9.0.dylib; sourceTree = "<group>"; };
		72705B532BF819C2003D52C2 /* libopencv_ximgproc.4.9.0.dylib */ = {isa = PBXFileReference; lastKnownFileType = "compiled.mach-o.dylib"; name = libopencv_ximgproc.4.9.0.dylib; path = ../../../../../opt/homebrew/Cellar/opencv/4.9.0_8.reinstall/lib/libopencv_ximgproc.4.9.0.dylib; sourceTree = "<group>"; };
		72705B542BF819C2003D52C2 /* libopencv_videostab.4.9.0.dylib */ = {isa = PBXFileReference; lastKnownFileType = "compiled.mach-o.dylib"; name = libopencv_videostab.4.9.0.dylib; path = ../../../../../opt/homebrew/Cellar/opencv/4.9.0_8.reinstall/lib/libopencv_videostab.4.9.0.dylib; sourceTree = "<group>"; };
		72705B552BF819C2003D52C2 /* libopencv_optflow.4.9.0.dylib */ = {isa = PBXFileReference; lastKnownFileType = "compiled.mach-o.dylib"; name = libopencv_optflow.4.9.0.dylib; path = ../../../../../opt/homebrew/Cellar/opencv/4.9.0_8.reinstall/lib/libopencv_optflow.4.9.0.dylib; sourceTree = "<group>"; };
		72705B562BF819C2003D52C2 /* libopencv_photo.4.9.0.dylib */ = {isa = PBXFileReference; lastKnownFileType = "compiled.mach-o.dylib"; name = libopencv_photo.4.9.0.dylib; path = ../../../../../opt/homebrew/Cellar/opencv/4.9.0_8.reinstall/lib/libopencv_photo.4.9.0.dylib; sourceTree = "<group>"; };
		72705B572BF819C2003D52C2 /* libopencv_features2d.4.9.0.dylib */ = {isa = PBXFileReference; lastKnownFileType = "compiled.mach-o.dylib"; name = libopencv_features2d.4.9.0.dylib; path = ../../../../../opt/homebrew/Cellar/opencv/4.9.0_8.reinstall/lib/libopencv_features2d.4.9.0.dylib; sourceTree = "<group>"; };
		72705B582BF819C2003D52C2 /* libopencv_bgsegm.4.9.0.dylib */ = {isa = PBXFileReference; lastKnownFileType = "compiled.mach-o.dylib"; name = libopencv_bgsegm.4.9.0.dylib; path = ../../../../../opt/homebrew/Cellar/opencv/4.9.0_8.reinstall/lib/libopencv_bgsegm.4.9.0.dylib; sourceTree = "<group>"; };
		72705B592BF819C2003D52C2 /* libopencv_ccalib.4.9.0.dylib */ = {isa = PBXFileReference; lastKnownFileType = "compiled.mach-o.dylib"; name = libopencv_ccalib.4.9.0.dylib; path = ../../../../../opt/homebrew/Cellar/opencv/4.9.0_8.reinstall/lib/libopencv_ccalib.4.9.0.dylib; sourceTree = "<group>"; };
		72705B5A2BF819C2003D52C2 /* libopencv_calib3d.4.9.0.dylib */ = {isa = PBXFileReference; lastKnownFileType = "compiled.mach-o.dylib"; name = libopencv_calib3d.4.9.0.dylib; path = ../../../../../opt/homebrew/Cellar/opencv/4.9.0_8.reinstall/lib/libopencv_calib3d.4.9.0.dylib; sourceTree = "<group>"; };
		72705B5B2BF819C2003D52C2 /* libopencv_xobjdetect.4.9.0.dylib */ = {isa = PBXFileReference; lastKnownFileType = "compiled.mach-o.dylib"; name = libopencv_xobjdetect.4.9.0.dylib; path = ../../../../../opt/homebrew/Cellar/opencv/4.9.0_8.reinstall/lib/libopencv_xobjdetect.4.9.0.dylib; sourceTree = "<group>"; };
		72705B5C2BF819C2003D52C2 /* libopencv_ml.4.9.0.dylib */ = {isa = PBXFileReference; lastKnownFileType = "compiled.mach-o.dylib"; name = libopencv_ml.4.9.0.dylib; path = ../../../../../opt/homebrew/Cellar/opencv/4.9.0_8.reinstall/lib/libopencv_ml.4.9.0.dylib; sourceTree = "<group>"; };
		7287D7B52C20B74B008BE59F /* evaluation.cpp */ = {isa = PBXFileReference; lastKnownFileType = sourcecode.cpp.cpp; path = evaluation.cpp; sourceTree = "<group>"; };
		7287D7B62C20B74B008BE59F /* evaluation.hpp */ = {isa = PBXFileReference; lastKnownFileType = sourcecode.cpp.h; path = evaluation.hpp; sourceTree = "<group>"; };
/* End PBXFileReference section */

/* Begin PBXFrameworksBuildPhase section */
		72123EE32BCE0C4600FC873E /* Frameworks */ = {
			isa = PBXFrameworksBuildPhase;
			buildActionMask = 2147483647;
			files = (
				72705B882BF819C2003D52C2 /* libopencv_img_hash.4.9.0.dylib in Frameworks */,
				72705B682BF819C2003D52C2 /* libopencv_xfeatures2d.4.9.0.dylib in Frameworks */,
				72705B8F2BF819C2003D52C2 /* libopencv_bgsegm.4.9.0.dylib in Frameworks */,
				72705B8C2BF819C2003D52C2 /* libopencv_optflow.4.9.0.dylib in Frameworks */,
				72705B912BF819C2003D52C2 /* libopencv_calib3d.4.9.0.dylib in Frameworks */,
				72705B672BF819C2003D52C2 /* libopencv_hfs.4.9.0.dylib in Frameworks */,
				72705B7E2BF819C2003D52C2 /* libopencv_highgui.4.9.0.dylib in Frameworks */,
				72705B852BF819C2003D52C2 /* libopencv_face.4.9.0.dylib in Frameworks */,
				72705B5E2BF819C2003D52C2 /* libopencv_freetype.4.9.0.dylib in Frameworks */,
				72705B652BF819C2003D52C2 /* libopencv_mcc.4.9.0.dylib in Frameworks */,
				72705B602BF819C2003D52C2 /* libopencv_sfm.4.9.0.dylib in Frameworks */,
				72705B6B2BF819C2003D52C2 /* libopencv_dnn_superres.4.9.0.dylib in Frameworks */,
				72705B5F2BF819C2003D52C2 /* libopencv_wechat_qrcode.4.9.0.dylib in Frameworks */,
				72705B722BF819C2003D52C2 /* libopencv_aruco.4.9.0.dylib in Frameworks */,
				72705B802BF819C2003D52C2 /* libopencv_fuzzy.4.9.0.dylib in Frameworks */,
				72705B8D2BF819C2003D52C2 /* libopencv_photo.4.9.0.dylib in Frameworks */,
				72705B932BF819C2003D52C2 /* libopencv_ml.4.9.0.dylib in Frameworks */,
				72705B632BF819C2003D52C2 /* libopencv_line_descriptor.4.9.0.dylib in Frameworks */,
				72705B752BF819C2003D52C2 /* libopencv_videoio.4.9.0.dylib in Frameworks */,
				72705B7A2BF819C2003D52C2 /* libopencv_stitching.4.9.0.dylib in Frameworks */,
				72705B872BF819C2003D52C2 /* libopencv_flann.4.9.0.dylib in Frameworks */,
				72705B7D2BF819C2003D52C2 /* libopencv_dnn.4.9.0.dylib in Frameworks */,
				72705B6A2BF819C2003D52C2 /* libopencv_superres.4.9.0.dylib in Frameworks */,
				72705B762BF819C2003D52C2 /* libopencv_datasets.4.9.0.dylib in Frameworks */,
				72705B8B2BF819C2003D52C2 /* libopencv_videostab.4.9.0.dylib in Frameworks */,
				72705B642BF819C2003D52C2 /* libopencv_structured_light.4.9.0.dylib in Frameworks */,
				72705B902BF819C2003D52C2 /* libopencv_ccalib.4.9.0.dylib in Frameworks */,
				72705B922BF819C2003D52C2 /* libopencv_xobjdetect.4.9.0.dylib in Frameworks */,
				72705B622BF819C2003D52C2 /* libopencv_imgcodecs.4.9.0.dylib in Frameworks */,
				72705B5D2BF819C2003D52C2 /* libopencv_rapid.4.9.0.dylib in Frameworks */,
				72705B702BF819C2003D52C2 /* libopencv_xphoto.4.9.0.dylib in Frameworks */,
				72705B842BF819C2003D52C2 /* libopencv_dpm.4.9.0.dylib in Frameworks */,
				72705B7B2BF819C2003D52C2 /* libopencv_video.4.9.0.dylib in Frameworks */,
				72705B862BF819C2003D52C2 /* libopencv_phase_unwrapping.4.9.0.dylib in Frameworks */,
				72705B6D2BF819C2003D52C2 /* libopencv_objdetect.4.9.0.dylib in Frameworks */,
				72705B6C2BF819C2003D52C2 /* libopencv_viz.4.9.0.dylib in Frameworks */,
				72705B782BF819C2003D52C2 /* libopencv_shape.4.9.0.dylib in Frameworks */,
				72705B7C2BF819C2003D52C2 /* libopencv_intensity_transform.4.9.0.dylib in Frameworks */,
				72705B832BF819C2003D52C2 /* libopencv_saliency.4.9.0.dylib in Frameworks */,
				72705B742BF819C2003D52C2 /* libopencv_stereo.4.9.0.dylib in Frameworks */,
				72705B892BF819C2003D52C2 /* libopencv_alphamat.4.9.0.dylib in Frameworks */,
				72705B612BF819C2003D52C2 /* libopencv_core.4.9.0.dylib in Frameworks */,
				72705B772BF819C2003D52C2 /* libopencv_gapi.4.9.0.dylib in Frameworks */,
				72705B822BF819C2003D52C2 /* libopencv_dnn_objdetect.4.9.0.dylib in Frameworks */,
				72705B792BF819C2003D52C2 /* libopencv_text.4.9.0.dylib in Frameworks */,
				72705B8E2BF819C2003D52C2 /* libopencv_features2d.4.9.0.dylib in Frameworks */,
				72705B6E2BF819C2003D52C2 /* libopencv_rgbd.4.9.0.dylib in Frameworks */,
				72705B7F2BF819C2003D52C2 /* libopencv_quality.4.9.0.dylib in Frameworks */,
				72705B662BF819C2003D52C2 /* libopencv_plot.4.9.0.dylib in Frameworks */,
				72705B812BF819C2003D52C2 /* libopencv_tracking.4.9.0.dylib in Frameworks */,
				72705B732BF819C2003D52C2 /* libopencv_bioinspired.4.9.0.dylib in Frameworks */,
				72705B692BF819C2003D52C2 /* libopencv_reg.4.9.0.dylib in Frameworks */,
				72705B712BF819C2003D52C2 /* libopencv_imgproc.4.9.0.dylib in Frameworks */,
				72705B6F2BF819C2003D52C2 /* libopencv_surface_matching.4.9.0.dylib in Frameworks */,
				72705B8A2BF819C2003D52C2 /* libopencv_ximgproc.4.9.0.dylib in Frameworks */,
			);
			runOnlyForDeploymentPostprocessing = 0;
		};
/* End PBXFrameworksBuildPhase section */

/* Begin PBXGroup section */
		72123EDD2BCE0C4600FC873E = {
			isa = PBXGroup;
			children = (
				72705B522BF819C2003D52C2 /* libopencv_alphamat.4.9.0.dylib */,
				72705B3B2BF819C1003D52C2 /* libopencv_aruco.4.9.0.dylib */,
				72705B582BF819C2003D52C2 /* libopencv_bgsegm.4.9.0.dylib */,
				72705B3C2BF819C1003D52C2 /* libopencv_bioinspired.4.9.0.dylib */,
				72705B5A2BF819C2003D52C2 /* libopencv_calib3d.4.9.0.dylib */,
				72705B592BF819C2003D52C2 /* libopencv_ccalib.4.9.0.dylib */,
				72705B2A2BF819C0003D52C2 /* libopencv_core.4.9.0.dylib */,
				72705B3F2BF819C1003D52C2 /* libopencv_datasets.4.9.0.dylib */,
				72705B4B2BF819C2003D52C2 /* libopencv_dnn_objdetect.4.9.0.dylib */,
				72705B342BF819C1003D52C2 /* libopencv_dnn_superres.4.9.0.dylib */,
				72705B462BF819C1003D52C2 /* libopencv_dnn.4.9.0.dylib */,
				72705B4D2BF819C2003D52C2 /* libopencv_dpm.4.9.0.dylib */,
				72705B4E2BF819C2003D52C2 /* libopencv_face.4.9.0.dylib */,
				72705B572BF819C2003D52C2 /* libopencv_features2d.4.9.0.dylib */,
				72705B502BF819C2003D52C2 /* libopencv_flann.4.9.0.dylib */,
				72705B272BF819C0003D52C2 /* libopencv_freetype.4.9.0.dylib */,
				72705B492BF819C1003D52C2 /* libopencv_fuzzy.4.9.0.dylib */,
				72705B402BF819C1003D52C2 /* libopencv_gapi.4.9.0.dylib */,
				72705B302BF819C1003D52C2 /* libopencv_hfs.4.9.0.dylib */,
				72705B472BF819C1003D52C2 /* libopencv_highgui.4.9.0.dylib */,
				72705B512BF819C2003D52C2 /* libopencv_img_hash.4.9.0.dylib */,
				72705B2B2BF819C0003D52C2 /* libopencv_imgcodecs.4.9.0.dylib */,
				72705B3A2BF819C1003D52C2 /* libopencv_imgproc.4.9.0.dylib */,
				72705B452BF819C1003D52C2 /* libopencv_intensity_transform.4.9.0.dylib */,
				72705B2C2BF819C0003D52C2 /* libopencv_line_descriptor.4.9.0.dylib */,
				72705B2E2BF819C0003D52C2 /* libopencv_mcc.4.9.0.dylib */,
				72705B5C2BF819C2003D52C2 /* libopencv_ml.4.9.0.dylib */,
				72705B362BF819C1003D52C2 /* libopencv_objdetect.4.9.0.dylib */,
				72705B552BF819C2003D52C2 /* libopencv_optflow.4.9.0.dylib */,
				72705B4F2BF819C2003D52C2 /* libopencv_phase_unwrapping.4.9.0.dylib */,
				72705B562BF819C2003D52C2 /* libopencv_photo.4.9.0.dylib */,
				72705B2F2BF819C1003D52C2 /* libopencv_plot.4.9.0.dylib */,
				72705B482BF819C1003D52C2 /* libopencv_quality.4.9.0.dylib */,
				72705B262BF819C0003D52C2 /* libopencv_rapid.4.9.0.dylib */,
				72705B322BF819C1003D52C2 /* libopencv_reg.4.9.0.dylib */,
				72705B372BF819C1003D52C2 /* libopencv_rgbd.4.9.0.dylib */,
				72705B4C2BF819C2003D52C2 /* libopencv_saliency.4.9.0.dylib */,
				72705B292BF819C0003D52C2 /* libopencv_sfm.4.9.0.dylib */,
				72705B412BF819C1003D52C2 /* libopencv_shape.4.9.0.dylib */,
				72705B3D2BF819C1003D52C2 /* libopencv_stereo.4.9.0.dylib */,
				72705B432BF819C1003D52C2 /* libopencv_stitching.4.9.0.dylib */,
				72705B2D2BF819C0003D52C2 /* libopencv_structured_light.4.9.0.dylib */,
				72705B332BF819C1003D52C2 /* libopencv_superres.4.9.0.dylib */,
				72705B382BF819C1003D52C2 /* libopencv_surface_matching.4.9.0.dylib */,
				72705B422BF819C1003D52C2 /* libopencv_text.4.9.0.dylib */,
				72705B4A2BF819C2003D52C2 /* libopencv_tracking.4.9.0.dylib */,
				72705B442BF819C1003D52C2 /* libopencv_video.4.9.0.dylib */,
				72705B3E2BF819C1003D52C2 /* libopencv_videoio.4.9.0.dylib */,
				72705B542BF819C2003D52C2 /* libopencv_videostab.4.9.0.dylib */,
				72705B352BF819C1003D52C2 /* libopencv_viz.4.9.0.dylib */,
				72705B282BF819C0003D52C2 /* libopencv_wechat_qrcode.4.9.0.dylib */,
				72705B312BF819C1003D52C2 /* libopencv_xfeatures2d.4.9.0.dylib */,
				72705B532BF819C2003D52C2 /* libopencv_ximgproc.4.9.0.dylib */,
				72705B5B2BF819C2003D52C2 /* libopencv_xobjdetect.4.9.0.dylib */,
				72705B392BF819C1003D52C2 /* libopencv_xphoto.4.9.0.dylib */,
				72123EE82BCE0C4600FC873E /* pi */,
				72123EE72BCE0C4600FC873E /* Products */,
			);
			sourceTree = "<group>";
		};
		72123EE72BCE0C4600FC873E /* Products */ = {
			isa = PBXGroup;
			children = (
				72123EE62BCE0C4600FC873E /* pi */,
			);
			name = Products;
			sourceTree = "<group>";
		};
		72123EE82BCE0C4600FC873E /* pi */ = {
			isa = PBXGroup;
			children = (
				72123EE92BCE0C4600FC873E /* main.cpp */,
				7242909D2C11E5CA00162819 /* pancreas_segmentation.cpp */,
				7242909E2C11E5CA00162819 /* pancreas_segmentation.hpp */,
				7212409D2BCE1D3600FC873E /* lib.h */,
				7212409E2BCE1D5000FC873E /* lib.cpp */,
				7287D7B52C20B74B008BE59F /* evaluation.cpp */,
				7287D7B62C20B74B008BE59F /* evaluation.hpp */,
			);
			path = pi;
			sourceTree = "<group>";
		};
/* End PBXGroup section */

/* Begin PBXNativeTarget section */
		72123EE52BCE0C4600FC873E /* pi */ = {
			isa = PBXNativeTarget;
			buildConfigurationList = 72123EED2BCE0C4600FC873E /* Build configuration list for PBXNativeTarget "pi" */;
			buildPhases = (
				72123EE22BCE0C4600FC873E /* Sources */,
				72123EE32BCE0C4600FC873E /* Frameworks */,
				72123EE42BCE0C4600FC873E /* CopyFiles */,
			);
			buildRules = (
			);
			dependencies = (
			);
			name = pi;
			productName = pi;
			productReference = 72123EE62BCE0C4600FC873E /* pi */;
			productType = "com.apple.product-type.tool";
		};
/* End PBXNativeTarget section */

/* Begin PBXProject section */
		72123EDE2BCE0C4600FC873E /* Project object */ = {
			isa = PBXProject;
			attributes = {
				BuildIndependentTargetsInParallel = 1;
				LastUpgradeCheck = 1530;
				TargetAttributes = {
					72123EE52BCE0C4600FC873E = {
						CreatedOnToolsVersion = 15.3;
					};
				};
			};
			buildConfigurationList = 72123EE12BCE0C4600FC873E /* Build configuration list for PBXProject "pi" */;
			compatibilityVersion = "Xcode 14.0";
			developmentRegion = en;
			hasScannedForEncodings = 0;
			knownRegions = (
				en,
				Base,
			);
			mainGroup = 72123EDD2BCE0C4600FC873E;
			productRefGroup = 72123EE72BCE0C4600FC873E /* Products */;
			projectDirPath = "";
			projectRoot = "";
			targets = (
				72123EE52BCE0C4600FC873E /* pi */,
			);
		};
/* End PBXProject section */

/* Begin PBXSourcesBuildPhase section */
		72123EE22BCE0C4600FC873E /* Sources */ = {
			isa = PBXSourcesBuildPhase;
			buildActionMask = 2147483647;
			files = (
				7242909F2C11E5CA00162819 /* pancreas_segmentation.cpp in Sources */,
				72123EEA2BCE0C4600FC873E /* main.cpp in Sources */,
				7212409F2BCE1D5000FC873E /* lib.cpp in Sources */,
				7287D7B72C20B74B008BE59F /* evaluation.cpp in Sources */,
			);
			runOnlyForDeploymentPostprocessing = 0;
		};
/* End PBXSourcesBuildPhase section */

/* Begin XCBuildConfiguration section */
		72123EEB2BCE0C4600FC873E /* Debug */ = {
			isa = XCBuildConfiguration;
			buildSettings = {
				ALWAYS_SEARCH_USER_PATHS = NO;
				ASSETCATALOG_COMPILER_GENERATE_SWIFT_ASSET_SYMBOL_EXTENSIONS = YES;
				CLANG_ANALYZER_NONNULL = YES;
				CLANG_ANALYZER_NUMBER_OBJECT_CONVERSION = YES_AGGRESSIVE;
				CLANG_CXX_LANGUAGE_STANDARD = "gnu++20";
				CLANG_ENABLE_MODULES = YES;
				CLANG_ENABLE_OBJC_ARC = YES;
				CLANG_ENABLE_OBJC_WEAK = YES;
				CLANG_WARN_BLOCK_CAPTURE_AUTORELEASING = YES;
				CLANG_WARN_BOOL_CONVERSION = YES;
				CLANG_WARN_COMMA = YES;
				CLANG_WARN_CONSTANT_CONVERSION = YES;
				CLANG_WARN_DEPRECATED_OBJC_IMPLEMENTATIONS = YES;
				CLANG_WARN_DIRECT_OBJC_ISA_USAGE = YES_ERROR;
				CLANG_WARN_DOCUMENTATION_COMMENTS = YES;
				CLANG_WARN_EMPTY_BODY = YES;
				CLANG_WARN_ENUM_CONVERSION = YES;
				CLANG_WARN_INFINITE_RECURSION = YES;
				CLANG_WARN_INT_CONVERSION = YES;
				CLANG_WARN_NON_LITERAL_NULL_CONVERSION = YES;
				CLANG_WARN_OBJC_IMPLICIT_RETAIN_SELF = YES;
				CLANG_WARN_OBJC_LITERAL_CONVERSION = YES;
				CLANG_WARN_OBJC_ROOT_CLASS = YES_ERROR;
				CLANG_WARN_QUOTED_INCLUDE_IN_FRAMEWORK_HEADER = YES;
				CLANG_WARN_RANGE_LOOP_ANALYSIS = YES;
				CLANG_WARN_STRICT_PROTOTYPES = YES;
				CLANG_WARN_SUSPICIOUS_MOVE = YES;
				CLANG_WARN_UNGUARDED_AVAILABILITY = YES_AGGRESSIVE;
				CLANG_WARN_UNREACHABLE_CODE = YES;
				CLANG_WARN__DUPLICATE_METHOD_MATCH = YES;
				COPY_PHASE_STRIP = NO;
				DEBUG_INFORMATION_FORMAT = dwarf;
				ENABLE_STRICT_OBJC_MSGSEND = YES;
				ENABLE_TESTABILITY = YES;
				ENABLE_USER_SCRIPT_SANDBOXING = YES;
				GCC_C_LANGUAGE_STANDARD = gnu17;
				GCC_DYNAMIC_NO_PIC = NO;
				GCC_NO_COMMON_BLOCKS = YES;
				GCC_OPTIMIZATION_LEVEL = 0;
				GCC_PREPROCESSOR_DEFINITIONS = (
					"DEBUG=1",
					"$(inherited)",
				);
				GCC_WARN_64_TO_32_BIT_CONVERSION = YES;
				GCC_WARN_ABOUT_RETURN_TYPE = YES_ERROR;
				GCC_WARN_UNDECLARED_SELECTOR = YES;
				GCC_WARN_UNINITIALIZED_AUTOS = YES_AGGRESSIVE;
				GCC_WARN_UNUSED_FUNCTION = YES;
				GCC_WARN_UNUSED_VARIABLE = YES;
				HEADER_SEARCH_PATHS = "/opt/homebrew/Cellar/opencv/4.9.0_8.reinstall/include/opencv4/**";
				LIBRARY_SEARCH_PATHS = "";
				LOCALIZATION_PREFERS_STRING_CATALOGS = YES;
				MACOSX_DEPLOYMENT_TARGET = 14.4;
				MTL_ENABLE_DEBUG_INFO = INCLUDE_SOURCE;
				MTL_FAST_MATH = YES;
				ONLY_ACTIVE_ARCH = YES;
				OTHER_LDFLAGS = "";
				SDKROOT = macosx;
			};
			name = Debug;
		};
		72123EEC2BCE0C4600FC873E /* Release */ = {
			isa = XCBuildConfiguration;
			buildSettings = {
				ALWAYS_SEARCH_USER_PATHS = NO;
				ASSETCATALOG_COMPILER_GENERATE_SWIFT_ASSET_SYMBOL_EXTENSIONS = YES;
				CLANG_ANALYZER_NONNULL = YES;
				CLANG_ANALYZER_NUMBER_OBJECT_CONVERSION = YES_AGGRESSIVE;
				CLANG_CXX_LANGUAGE_STANDARD = "gnu++20";
				CLANG_ENABLE_MODULES = YES;
				CLANG_ENABLE_OBJC_ARC = YES;
				CLANG_ENABLE_OBJC_WEAK = YES;
				CLANG_WARN_BLOCK_CAPTURE_AUTORELEASING = YES;
				CLANG_WARN_BOOL_CONVERSION = YES;
				CLANG_WARN_COMMA = YES;
				CLANG_WARN_CONSTANT_CONVERSION = YES;
				CLANG_WARN_DEPRECATED_OBJC_IMPLEMENTATIONS = YES;
				CLANG_WARN_DIRECT_OBJC_ISA_USAGE = YES_ERROR;
				CLANG_WARN_DOCUMENTATION_COMMENTS = YES;
				CLANG_WARN_EMPTY_BODY = YES;
				CLANG_WARN_ENUM_CONVERSION = YES;
				CLANG_WARN_INFINITE_RECURSION = YES;
				CLANG_WARN_INT_CONVERSION = YES;
				CLANG_WARN_NON_LITERAL_NULL_CONVERSION = YES;
				CLANG_WARN_OBJC_IMPLICIT_RETAIN_SELF = YES;
				CLANG_WARN_OBJC_LITERAL_CONVERSION = YES;
				CLANG_WARN_OBJC_ROOT_CLASS = YES_ERROR;
				CLANG_WARN_QUOTED_INCLUDE_IN_FRAMEWORK_HEADER = YES;
				CLANG_WARN_RANGE_LOOP_ANALYSIS = YES;
				CLANG_WARN_STRICT_PROTOTYPES = YES;
				CLANG_WARN_SUSPICIOUS_MOVE = YES;
				CLANG_WARN_UNGUARDED_AVAILABILITY = YES_AGGRESSIVE;
				CLANG_WARN_UNREACHABLE_CODE = YES;
				CLANG_WARN__DUPLICATE_METHOD_MATCH = YES;
				COPY_PHASE_STRIP = NO;
				DEBUG_INFORMATION_FORMAT = "dwarf-with-dsym";
				ENABLE_NS_ASSERTIONS = NO;
				ENABLE_STRICT_OBJC_MSGSEND = YES;
				ENABLE_USER_SCRIPT_SANDBOXING = YES;
				GCC_C_LANGUAGE_STANDARD = gnu17;
				GCC_NO_COMMON_BLOCKS = YES;
				GCC_WARN_64_TO_32_BIT_CONVERSION = YES;
				GCC_WARN_ABOUT_RETURN_TYPE = YES_ERROR;
				GCC_WARN_UNDECLARED_SELECTOR = YES;
				GCC_WARN_UNINITIALIZED_AUTOS = YES_AGGRESSIVE;
				GCC_WARN_UNUSED_FUNCTION = YES;
				GCC_WARN_UNUSED_VARIABLE = YES;
				HEADER_SEARCH_PATHS = "/opt/homebrew/Cellar/opencv/4.9.0_8.reinstall/include/opencv4/**";
				LIBRARY_SEARCH_PATHS = "";
				LOCALIZATION_PREFERS_STRING_CATALOGS = YES;
				MACOSX_DEPLOYMENT_TARGET = 14.4;
				MTL_ENABLE_DEBUG_INFO = NO;
				MTL_FAST_MATH = YES;
				OTHER_LDFLAGS = "";
				SDKROOT = macosx;
			};
			name = Release;
		};
		72123EEE2BCE0C4600FC873E /* Debug */ = {
			isa = XCBuildConfiguration;
			buildSettings = {
				CODE_SIGN_STYLE = Automatic;
				LIBRARY_SEARCH_PATHS = (
					"$(inherited)",
					/opt/homebrew/Cellar/opencv/4.9.0_6/lib,
					/opt/homebrew/Cellar/opencv/4.9.0_7/lib,
					/opt/homebrew/Cellar/opencv/4.9.0_8.reinstall/lib,
					/opt/homebrew/Cellar/opencv/4.9.0_8/lib,
				);
				PRODUCT_NAME = "$(TARGET_NAME)";
			};
			name = Debug;
		};
		72123EEF2BCE0C4600FC873E /* Release */ = {
			isa = XCBuildConfiguration;
			buildSettings = {
				CODE_SIGN_STYLE = Automatic;
				LIBRARY_SEARCH_PATHS = (
					"$(inherited)",
					/opt/homebrew/Cellar/opencv/4.9.0_6/lib,
					/opt/homebrew/Cellar/opencv/4.9.0_7/lib,
					/opt/homebrew/Cellar/opencv/4.9.0_8.reinstall/lib,
					/opt/homebrew/Cellar/opencv/4.9.0_8/lib,
				);
				PRODUCT_NAME = "$(TARGET_NAME)";
			};
			name = Release;
		};
/* End XCBuildConfiguration section */

/* Begin XCConfigurationList section */
		72123EE12BCE0C4600FC873E /* Build configuration list for PBXProject "pi" */ = {
			isa = XCConfigurationList;
			buildConfigurations = (
				72123EEB2BCE0C4600FC873E /* Debug */,
				72123EEC2BCE0C4600FC873E /* Release */,
			);
			defaultConfigurationIsVisible = 0;
			defaultConfigurationName = Release;
		};
		72123EED2BCE0C4600FC873E /* Build configuration list for PBXNativeTarget "pi" */ = {
			isa = XCConfigurationList;
			buildConfigurations = (
				72123EEE2BCE0C4600FC873E /* Debug */,
				72123EEF2BCE0C4600FC873E /* Release */,
			);
			defaultConfigurationIsVisible = 0;
			defaultConfigurationName = Release;
		};
/* End XCConfigurationList section */
	};
	rootObject = 72123EDE2BCE0C4600FC873E /* Project object */;
}
